// !$*UTF8*$!
{
	archiveVersion = 1;
	classes = {
	};
	objectVersion = 55;
	objects = {

/* Begin PBXBuildFile section */
		530C5BF0275EAE410089B69F /* EmptyDonationService.swift in Sources */ = {isa = PBXBuildFile; fileRef = 536EAC71275E989E007AAD9B /* EmptyDonationService.swift */; };
		531674DA275BC5DB00CE3753 /* Logger+extensions.swift in Sources */ = {isa = PBXBuildFile; fileRef = 531674D9275BC5DB00CE3753 /* Logger+extensions.swift */; };
		531674DD275BC7E400CE3753 /* logErrorAndReplaceWith.swift in Sources */ = {isa = PBXBuildFile; fileRef = 531674DC275BC7E400CE3753 /* logErrorAndReplaceWith.swift */; };
		531674E0275BCC4800CE3753 /* DailySchedulePage.swift in Sources */ = {isa = PBXBuildFile; fileRef = 531674DF275BCC4800CE3753 /* DailySchedulePage.swift */; };
		531674E2275BCC6C00CE3753 /* PageErrors.swift in Sources */ = {isa = PBXBuildFile; fileRef = 531674E1275BCC6C00CE3753 /* PageErrors.swift */; };
		531674E5275BCC8600CE3753 /* Helpers.swift in Sources */ = {isa = PBXBuildFile; fileRef = 531674E4275BCC8600CE3753 /* Helpers.swift */; };
		531674E7275BCC9B00CE3753 /* Extensions.swift in Sources */ = {isa = PBXBuildFile; fileRef = 531674E6275BCC9B00CE3753 /* Extensions.swift */; };
		531674E9275BCDC100CE3753 /* NewMedicationPage.swift in Sources */ = {isa = PBXBuildFile; fileRef = 531674E8275BCDC100CE3753 /* NewMedicationPage.swift */; };
		531674EB275BCF1C00CE3753 /* MedicationEntry.swift in Sources */ = {isa = PBXBuildFile; fileRef = 531674EA275BCF1C00CE3753 /* MedicationEntry.swift */; };
		531674EE275C154900CE3753 /* UITestHelper.swift in Sources */ = {isa = PBXBuildFile; fileRef = 531674ED275C154900CE3753 /* UITestHelper.swift */; };
		531674F2275C179D00CE3753 /* Intents.intentdefinition in Sources */ = {isa = PBXBuildFile; fileRef = 531674F1275C179D00CE3753 /* Intents.intentdefinition */; };
		53167521275C202500CE3753 /* Intents.framework in Frameworks */ = {isa = PBXBuildFile; fileRef = 531674FB275C1F8F00CE3753 /* Intents.framework */; };
		53167524275C202500CE3753 /* IntentHandler.swift in Sources */ = {isa = PBXBuildFile; fileRef = 53167523275C202500CE3753 /* IntentHandler.swift */; };
		5316752B275C202500CE3753 /* IntentsUI.framework in Frameworks */ = {isa = PBXBuildFile; fileRef = 53167506275C1F9000CE3753 /* IntentsUI.framework */; };
		5316752E275C202500CE3753 /* IntentViewController.swift in Sources */ = {isa = PBXBuildFile; fileRef = 5316752D275C202500CE3753 /* IntentViewController.swift */; };
		53167531275C202500CE3753 /* MainInterface.storyboard in Resources */ = {isa = PBXBuildFile; fileRef = 5316752F275C202500CE3753 /* MainInterface.storyboard */; };
		53167535275C202500CE3753 /* AppIntentsUI.appex in Embed App Extensions */ = {isa = PBXBuildFile; fileRef = 5316752A275C202500CE3753 /* AppIntentsUI.appex */; settings = {ATTRIBUTES = (RemoveHeadersOnCopy, ); }; };
		53167538275C202500CE3753 /* AppIntents.appex in Embed App Extensions */ = {isa = PBXBuildFile; fileRef = 53167520275C202500CE3753 /* AppIntents.appex */; settings = {ATTRIBUTES = (RemoveHeadersOnCopy, ); }; };
		53167540275C20B200CE3753 /* LogMedicationIntentHandler.swift in Sources */ = {isa = PBXBuildFile; fileRef = 5316753F275C20B100CE3753 /* LogMedicationIntentHandler.swift */; };
		53167541275C212600CE3753 /* Intents.intentdefinition in Sources */ = {isa = PBXBuildFile; fileRef = 531674F1275C179D00CE3753 /* Intents.intentdefinition */; };
		531860482764F60B006F2B15 /* LogMedicationIntentHandlerTests.swift in Sources */ = {isa = PBXBuildFile; fileRef = 531860472764F60B006F2B15 /* LogMedicationIntentHandlerTests.swift */; };
		5318604C2764F670006F2B15 /* MockRecordAdministrationUseCase.swift in Sources */ = {isa = PBXBuildFile; fileRef = 5318604B2764F670006F2B15 /* MockRecordAdministrationUseCase.swift */; };
		5318604F2764F890006F2B15 /* LogMedicationIntentHandler.swift in Sources */ = {isa = PBXBuildFile; fileRef = 5316753F275C20B100CE3753 /* LogMedicationIntentHandler.swift */; };
		531860512765137D006F2B15 /* MockGetTrackedMedicationsUseCase.swift in Sources */ = {isa = PBXBuildFile; fileRef = 531860502765137D006F2B15 /* MockGetTrackedMedicationsUseCase.swift */; };
		53262B5427568443001C6FE9 /* MedicationList.swift in Sources */ = {isa = PBXBuildFile; fileRef = 53262B5327568443001C6FE9 /* MedicationList.swift */; };
		53262B562756849E001C6FE9 /* DailyScheduleViewModel.swift in Sources */ = {isa = PBXBuildFile; fileRef = 53262B552756849E001C6FE9 /* DailyScheduleViewModel.swift */; };
		53298B0027596BC700B281C6 /* NewMedicationView.swift in Sources */ = {isa = PBXBuildFile; fileRef = 53298AFF27596BC700B281C6 /* NewMedicationView.swift */; };
		53298B022759767100B281C6 /* NewMedicationViewModel.swift in Sources */ = {isa = PBXBuildFile; fileRef = 53298B012759767100B281C6 /* NewMedicationViewModel.swift */; };
		5329EE942757E4CA00AB058F /* JFLib.Mediator in Frameworks */ = {isa = PBXBuildFile; productRef = 5329EE932757E4CA00AB058F /* JFLib.Mediator */; };
		5329EE9B2757EE1F00AB058F /* DailyScheduleViewModelTests.swift in Sources */ = {isa = PBXBuildFile; fileRef = 5329EE9A2757EE1F00AB058F /* DailyScheduleViewModelTests.swift */; };
		532E765D275840660092AB85 /* MemoryAdministrations.swift in Sources */ = {isa = PBXBuildFile; fileRef = 532E765C275840660092AB85 /* MemoryAdministrations.swift */; };
		532E7660275915100092AB85 /* MedicationPromptView.swift in Sources */ = {isa = PBXBuildFile; fileRef = 532E765F275915100092AB85 /* MedicationPromptView.swift */; };
		532E7662275915A40092AB85 /* AdministrationRecordedView.swift in Sources */ = {isa = PBXBuildFile; fileRef = 532E7661275915A40092AB85 /* AdministrationRecordedView.swift */; };
		532E7664275920190092AB85 /* DailyMedicationView.swift in Sources */ = {isa = PBXBuildFile; fileRef = 532E7663275920190092AB85 /* DailyMedicationView.swift */; };
		532E7668275921CC0092AB85 /* CardViewModifier.swift in Sources */ = {isa = PBXBuildFile; fileRef = 532E7667275921CC0092AB85 /* CardViewModifier.swift */; };
		53554B18277F7EB900A7C942 /* CoreDataKit in Frameworks */ = {isa = PBXBuildFile; productRef = 53554B17277F7EB900A7C942 /* CoreDataKit */; };
		53554B1B277F7F9C00A7C942 /* CoreDataSaveListener.swift in Sources */ = {isa = PBXBuildFile; fileRef = 53554B1A277F7F9C00A7C942 /* CoreDataSaveListener.swift */; };
		53554B1D277F7FF300A7C942 /* CoreDataKit in Frameworks */ = {isa = PBXBuildFile; productRef = 53554B1C277F7FF300A7C942 /* CoreDataKit */; };
		53554B1F277F7FF900A7C942 /* CoreDataKit in Frameworks */ = {isa = PBXBuildFile; productRef = 53554B1E277F7FF900A7C942 /* CoreDataKit */; };
		536CD44C277F56C900A1FC73 /* MedTrackerService.swift in Sources */ = {isa = PBXBuildFile; fileRef = 536CD44B277F56C900A1FC73 /* MedTrackerService.swift */; };
		536EAC70275E96A0007AAD9B /* IntentDonationService.swift in Sources */ = {isa = PBXBuildFile; fileRef = 536EAC6D275E960B007AAD9B /* IntentDonationService.swift */; };
		536EAC72275E989E007AAD9B /* EmptyDonationService.swift in Sources */ = {isa = PBXBuildFile; fileRef = 536EAC71275E989E007AAD9B /* EmptyDonationService.swift */; };
		538F8BB5277A006D0023C5E5 /* MedTrackerWidgetCenter.swift in Sources */ = {isa = PBXBuildFile; fileRef = 538F8BB4277A006D0023C5E5 /* MedTrackerWidgetCenter.swift */; };
		5392B0A727617A0000F486DE /* Logger+extensions.swift in Sources */ = {isa = PBXBuildFile; fileRef = 531674D9275BC5DB00CE3753 /* Logger+extensions.swift */; };
		53A35FB82778C7C400D12C8C /* WidgetKit.framework in Frameworks */ = {isa = PBXBuildFile; fileRef = 53A35FB72778C7C400D12C8C /* WidgetKit.framework */; };
		53A35FBA2778C7C400D12C8C /* SwiftUI.framework in Frameworks */ = {isa = PBXBuildFile; fileRef = 53A35FB92778C7C400D12C8C /* SwiftUI.framework */; };
		53A35FBD2778C7C400D12C8C /* AppWidgets.swift in Sources */ = {isa = PBXBuildFile; fileRef = 53A35FBC2778C7C400D12C8C /* AppWidgets.swift */; };
		53A35FC02778C7C500D12C8C /* Assets.xcassets in Resources */ = {isa = PBXBuildFile; fileRef = 53A35FBF2778C7C500D12C8C /* Assets.xcassets */; };
		53A35FC22778C7C500D12C8C /* AppWidgets.intentdefinition in Sources */ = {isa = PBXBuildFile; fileRef = 53A35FBE2778C7C400D12C8C /* AppWidgets.intentdefinition */; };
		53A35FC32778C7C500D12C8C /* AppWidgets.intentdefinition in Sources */ = {isa = PBXBuildFile; fileRef = 53A35FBE2778C7C400D12C8C /* AppWidgets.intentdefinition */; };
		53A35FC62778C7C500D12C8C /* AppWidgetsExtension.appex in Embed App Extensions */ = {isa = PBXBuildFile; fileRef = 53A35FB62778C7C400D12C8C /* AppWidgetsExtension.appex */; settings = {ATTRIBUTES = (RemoveHeadersOnCopy, ); }; };
		53A35FCC2778DB6D00D12C8C /* DailySummaryTimelineProvider.swift in Sources */ = {isa = PBXBuildFile; fileRef = 53A35FCA2778DB6900D12C8C /* DailySummaryTimelineProvider.swift */; };
		53A35FD12778DC2300D12C8C /* DailySummaryEntry.swift in Sources */ = {isa = PBXBuildFile; fileRef = 53A35FD02778DC2300D12C8C /* DailySummaryEntry.swift */; };
		53A35FD32778DDC500D12C8C /* GetDailySummaryQuery.swift in Sources */ = {isa = PBXBuildFile; fileRef = 53A35FD22778DDC500D12C8C /* GetDailySummaryQuery.swift */; };
		53A35FD72778DDFF00D12C8C /* EmptyDonationService.swift in Sources */ = {isa = PBXBuildFile; fileRef = 536EAC71275E989E007AAD9B /* EmptyDonationService.swift */; };
		53A35FDB2778E02200D12C8C /* Logger+extensions.swift in Sources */ = {isa = PBXBuildFile; fileRef = 531674D9275BC5DB00CE3753 /* Logger+extensions.swift */; };
		53A35FDF2778E2F700D12C8C /* DailySummaryView.swift in Sources */ = {isa = PBXBuildFile; fileRef = 53A35FDE2778E2F700D12C8C /* DailySummaryView.swift */; };
		53D1C3DC2780CD0600980282 /* MedicationApp in Frameworks */ = {isa = PBXBuildFile; productRef = 53D1C3DB2780CD0600980282 /* MedicationApp */; };
		53D1C3DE2780CD1100980282 /* MedicationApp in Frameworks */ = {isa = PBXBuildFile; productRef = 53D1C3DD2780CD1100980282 /* MedicationApp */; };
		53D1C3E02780CD1A00980282 /* MedicationApp in Frameworks */ = {isa = PBXBuildFile; productRef = 53D1C3DF2780CD1A00980282 /* MedicationApp */; };
		53D3A8032756DA910090B266 /* MemoryMedications.swift in Sources */ = {isa = PBXBuildFile; fileRef = 53D3A8022756DA910090B266 /* MemoryMedications.swift */; };
		53D3A8062756DBC50090B266 /* JFLib.Services in Frameworks */ = {isa = PBXBuildFile; productRef = 53D3A8052756DBC50090B266 /* JFLib.Services */; };
		53E242F5277C981100FC5C72 /* MedTrackerWidgetCenter.swift in Sources */ = {isa = PBXBuildFile; fileRef = 538F8BB4277A006D0023C5E5 /* MedTrackerWidgetCenter.swift */; };
		53E9123D27527BCE00710D4C /* MedTrackerApp.swift in Sources */ = {isa = PBXBuildFile; fileRef = 53E9123C27527BCE00710D4C /* MedTrackerApp.swift */; };
		53E9124127527BD000710D4C /* Assets.xcassets in Resources */ = {isa = PBXBuildFile; fileRef = 53E9124027527BD000710D4C /* Assets.xcassets */; };
		53E9124427527BD000710D4C /* Preview Assets.xcassets in Resources */ = {isa = PBXBuildFile; fileRef = 53E9124327527BD000710D4C /* Preview Assets.xcassets */; };
		53E9125827527BD000710D4C /* MedTrackerUITests.swift in Sources */ = {isa = PBXBuildFile; fileRef = 53E9125727527BD000710D4C /* MedTrackerUITests.swift */; };
		53E9126827543A9000710D4C /* MedicationCard.swift in Sources */ = {isa = PBXBuildFile; fileRef = 53E9126727543A9000710D4C /* MedicationCard.swift */; };
		53E9126A27543CF100710D4C /* ScheduleSlotView.swift in Sources */ = {isa = PBXBuildFile; fileRef = 53E9126927543CF100710D4C /* ScheduleSlotView.swift */; };
		53E9126C27543E7900710D4C /* DailyScheduleView.swift in Sources */ = {isa = PBXBuildFile; fileRef = 53E9126B27543E7900710D4C /* DailyScheduleView.swift */; };
		53F409C9275A6F3600AECAEB /* Dip in Frameworks */ = {isa = PBXBuildFile; productRef = 53F409C8275A6F3600AECAEB /* Dip */; };
		53F409CB275A93F500AECAEB /* DipContainer.swift in Sources */ = {isa = PBXBuildFile; fileRef = 53F409CA275A93F500AECAEB /* DipContainer.swift */; };
		53F409D3275ABC8F00AECAEB /* MemoryDatabase.swift in Sources */ = {isa = PBXBuildFile; fileRef = 53F409D2275ABC8F00AECAEB /* MemoryDatabase.swift */; };
/* End PBXBuildFile section */

/* Begin PBXContainerItemProxy section */
		53167533275C202500CE3753 /* PBXContainerItemProxy */ = {
			isa = PBXContainerItemProxy;
			containerPortal = 53E9123127527BCE00710D4C /* Project object */;
			proxyType = 1;
			remoteGlobalIDString = 53167529275C202500CE3753;
			remoteInfo = AppIntentsUI;
		};
		53167536275C202500CE3753 /* PBXContainerItemProxy */ = {
			isa = PBXContainerItemProxy;
			containerPortal = 53E9123127527BCE00710D4C /* Project object */;
			proxyType = 1;
			remoteGlobalIDString = 5316751F275C202500CE3753;
			remoteInfo = AppIntents;
		};
		53A35FC42778C7C500D12C8C /* PBXContainerItemProxy */ = {
			isa = PBXContainerItemProxy;
			containerPortal = 53E9123127527BCE00710D4C /* Project object */;
			proxyType = 1;
			remoteGlobalIDString = 53A35FB52778C7C400D12C8C;
			remoteInfo = AppWidgetsExtension;
		};
		53E9124A27527BD000710D4C /* PBXContainerItemProxy */ = {
			isa = PBXContainerItemProxy;
			containerPortal = 53E9123127527BCE00710D4C /* Project object */;
			proxyType = 1;
			remoteGlobalIDString = 53E9123827527BCE00710D4C;
			remoteInfo = MedTracker;
		};
		53E9125427527BD000710D4C /* PBXContainerItemProxy */ = {
			isa = PBXContainerItemProxy;
			containerPortal = 53E9123127527BCE00710D4C /* Project object */;
			proxyType = 1;
			remoteGlobalIDString = 53E9123827527BCE00710D4C;
			remoteInfo = MedTracker;
		};
/* End PBXContainerItemProxy section */

/* Begin PBXCopyFilesBuildPhase section */
		5316751B275C1F9000CE3753 /* Embed App Extensions */ = {
			isa = PBXCopyFilesBuildPhase;
			buildActionMask = 2147483647;
			dstPath = "";
			dstSubfolderSpec = 13;
			files = (
				53A35FC62778C7C500D12C8C /* AppWidgetsExtension.appex in Embed App Extensions */,
				53167538275C202500CE3753 /* AppIntents.appex in Embed App Extensions */,
				53167535275C202500CE3753 /* AppIntentsUI.appex in Embed App Extensions */,
			);
			name = "Embed App Extensions";
			runOnlyForDeploymentPostprocessing = 0;
		};
/* End PBXCopyFilesBuildPhase section */

/* Begin PBXFileReference section */
		531674D9275BC5DB00CE3753 /* Logger+extensions.swift */ = {isa = PBXFileReference; lastKnownFileType = sourcecode.swift; path = "Logger+extensions.swift"; sourceTree = "<group>"; };
		531674DC275BC7E400CE3753 /* logErrorAndReplaceWith.swift */ = {isa = PBXFileReference; lastKnownFileType = sourcecode.swift; path = logErrorAndReplaceWith.swift; sourceTree = "<group>"; };
		531674DF275BCC4800CE3753 /* DailySchedulePage.swift */ = {isa = PBXFileReference; lastKnownFileType = sourcecode.swift; path = DailySchedulePage.swift; sourceTree = "<group>"; };
		531674E1275BCC6C00CE3753 /* PageErrors.swift */ = {isa = PBXFileReference; lastKnownFileType = sourcecode.swift; path = PageErrors.swift; sourceTree = "<group>"; };
		531674E4275BCC8600CE3753 /* Helpers.swift */ = {isa = PBXFileReference; lastKnownFileType = sourcecode.swift; path = Helpers.swift; sourceTree = "<group>"; };
		531674E6275BCC9B00CE3753 /* Extensions.swift */ = {isa = PBXFileReference; lastKnownFileType = sourcecode.swift; path = Extensions.swift; sourceTree = "<group>"; };
		531674E8275BCDC100CE3753 /* NewMedicationPage.swift */ = {isa = PBXFileReference; lastKnownFileType = sourcecode.swift; path = NewMedicationPage.swift; sourceTree = "<group>"; };
		531674EA275BCF1C00CE3753 /* MedicationEntry.swift */ = {isa = PBXFileReference; lastKnownFileType = sourcecode.swift; path = MedicationEntry.swift; sourceTree = "<group>"; };
		531674ED275C154900CE3753 /* UITestHelper.swift */ = {isa = PBXFileReference; lastKnownFileType = sourcecode.swift; path = UITestHelper.swift; sourceTree = "<group>"; };
		531674F1275C179D00CE3753 /* Intents.intentdefinition */ = {isa = PBXFileReference; lastKnownFileType = file.intentdefinition; path = Intents.intentdefinition; sourceTree = "<group>"; };
		531674F3275C17B900CE3753 /* Info.plist */ = {isa = PBXFileReference; lastKnownFileType = text.plist.xml; path = Info.plist; sourceTree = "<group>"; };
		531674F4275C1D0900CE3753 /* MedTracker.entitlements */ = {isa = PBXFileReference; lastKnownFileType = text.plist.entitlements; path = MedTracker.entitlements; sourceTree = "<group>"; };
		531674FB275C1F8F00CE3753 /* Intents.framework */ = {isa = PBXFileReference; lastKnownFileType = wrapper.framework; name = Intents.framework; path = System/Library/Frameworks/Intents.framework; sourceTree = SDKROOT; };
		53167506275C1F9000CE3753 /* IntentsUI.framework */ = {isa = PBXFileReference; lastKnownFileType = wrapper.framework; name = IntentsUI.framework; path = System/Library/Frameworks/IntentsUI.framework; sourceTree = SDKROOT; };
		53167520275C202500CE3753 /* AppIntents.appex */ = {isa = PBXFileReference; explicitFileType = "wrapper.app-extension"; includeInIndex = 0; path = AppIntents.appex; sourceTree = BUILT_PRODUCTS_DIR; };
		53167523275C202500CE3753 /* IntentHandler.swift */ = {isa = PBXFileReference; lastKnownFileType = sourcecode.swift; path = IntentHandler.swift; sourceTree = "<group>"; };
		53167525275C202500CE3753 /* Info.plist */ = {isa = PBXFileReference; lastKnownFileType = text.plist.xml; path = Info.plist; sourceTree = "<group>"; };
		5316752A275C202500CE3753 /* AppIntentsUI.appex */ = {isa = PBXFileReference; explicitFileType = "wrapper.app-extension"; includeInIndex = 0; path = AppIntentsUI.appex; sourceTree = BUILT_PRODUCTS_DIR; };
		5316752D275C202500CE3753 /* IntentViewController.swift */ = {isa = PBXFileReference; lastKnownFileType = sourcecode.swift; path = IntentViewController.swift; sourceTree = "<group>"; };
		53167530275C202500CE3753 /* Base */ = {isa = PBXFileReference; lastKnownFileType = file.storyboard; name = Base; path = Base.lproj/MainInterface.storyboard; sourceTree = "<group>"; };
		53167532275C202500CE3753 /* Info.plist */ = {isa = PBXFileReference; lastKnownFileType = text.plist.xml; path = Info.plist; sourceTree = "<group>"; };
		5316753F275C20B100CE3753 /* LogMedicationIntentHandler.swift */ = {isa = PBXFileReference; lastKnownFileType = sourcecode.swift; path = LogMedicationIntentHandler.swift; sourceTree = "<group>"; };
		531860472764F60B006F2B15 /* LogMedicationIntentHandlerTests.swift */ = {isa = PBXFileReference; lastKnownFileType = sourcecode.swift; path = LogMedicationIntentHandlerTests.swift; sourceTree = "<group>"; };
		5318604B2764F670006F2B15 /* MockRecordAdministrationUseCase.swift */ = {isa = PBXFileReference; lastKnownFileType = sourcecode.swift; path = MockRecordAdministrationUseCase.swift; sourceTree = "<group>"; };
		531860502765137D006F2B15 /* MockGetTrackedMedicationsUseCase.swift */ = {isa = PBXFileReference; lastKnownFileType = sourcecode.swift; path = MockGetTrackedMedicationsUseCase.swift; sourceTree = "<group>"; };
		53262B5327568443001C6FE9 /* MedicationList.swift */ = {isa = PBXFileReference; lastKnownFileType = sourcecode.swift; path = MedicationList.swift; sourceTree = "<group>"; };
		53262B552756849E001C6FE9 /* DailyScheduleViewModel.swift */ = {isa = PBXFileReference; lastKnownFileType = sourcecode.swift; path = DailyScheduleViewModel.swift; sourceTree = "<group>"; };
		53298AFF27596BC700B281C6 /* NewMedicationView.swift */ = {isa = PBXFileReference; lastKnownFileType = sourcecode.swift; path = NewMedicationView.swift; sourceTree = "<group>"; };
		53298B012759767100B281C6 /* NewMedicationViewModel.swift */ = {isa = PBXFileReference; lastKnownFileType = sourcecode.swift; path = NewMedicationViewModel.swift; sourceTree = "<group>"; };
		5329EE9A2757EE1F00AB058F /* DailyScheduleViewModelTests.swift */ = {isa = PBXFileReference; lastKnownFileType = sourcecode.swift; path = DailyScheduleViewModelTests.swift; sourceTree = "<group>"; };
		532E765C275840660092AB85 /* MemoryAdministrations.swift */ = {isa = PBXFileReference; lastKnownFileType = sourcecode.swift; path = MemoryAdministrations.swift; sourceTree = "<group>"; };
		532E765F275915100092AB85 /* MedicationPromptView.swift */ = {isa = PBXFileReference; lastKnownFileType = sourcecode.swift; path = MedicationPromptView.swift; sourceTree = "<group>"; };
		532E7661275915A40092AB85 /* AdministrationRecordedView.swift */ = {isa = PBXFileReference; lastKnownFileType = sourcecode.swift; path = AdministrationRecordedView.swift; sourceTree = "<group>"; };
		532E7663275920190092AB85 /* DailyMedicationView.swift */ = {isa = PBXFileReference; lastKnownFileType = sourcecode.swift; path = DailyMedicationView.swift; sourceTree = "<group>"; };
		532E7667275921CC0092AB85 /* CardViewModifier.swift */ = {isa = PBXFileReference; lastKnownFileType = sourcecode.swift; path = CardViewModifier.swift; sourceTree = "<group>"; };
		53554B1A277F7F9C00A7C942 /* CoreDataSaveListener.swift */ = {isa = PBXFileReference; fileEncoding = 4; lastKnownFileType = sourcecode.swift; path = CoreDataSaveListener.swift; sourceTree = "<group>"; };
		536CD44B277F56C900A1FC73 /* MedTrackerService.swift */ = {isa = PBXFileReference; lastKnownFileType = sourcecode.swift; path = MedTrackerService.swift; sourceTree = "<group>"; };
		536EAC6D275E960B007AAD9B /* IntentDonationService.swift */ = {isa = PBXFileReference; lastKnownFileType = sourcecode.swift; path = IntentDonationService.swift; sourceTree = "<group>"; };
		536EAC71275E989E007AAD9B /* EmptyDonationService.swift */ = {isa = PBXFileReference; lastKnownFileType = sourcecode.swift; path = EmptyDonationService.swift; sourceTree = "<group>"; };
		536EAC73275EA7F3007AAD9B /* MedTrackerRelease.entitlements */ = {isa = PBXFileReference; fileEncoding = 4; lastKnownFileType = text.plist.entitlements; path = MedTrackerRelease.entitlements; sourceTree = "<group>"; };
		538F8BB4277A006D0023C5E5 /* MedTrackerWidgetCenter.swift */ = {isa = PBXFileReference; lastKnownFileType = sourcecode.swift; path = MedTrackerWidgetCenter.swift; sourceTree = "<group>"; };
		53A35FB62778C7C400D12C8C /* AppWidgetsExtension.appex */ = {isa = PBXFileReference; explicitFileType = "wrapper.app-extension"; includeInIndex = 0; path = AppWidgetsExtension.appex; sourceTree = BUILT_PRODUCTS_DIR; };
		53A35FB72778C7C400D12C8C /* WidgetKit.framework */ = {isa = PBXFileReference; lastKnownFileType = wrapper.framework; name = WidgetKit.framework; path = System/Library/Frameworks/WidgetKit.framework; sourceTree = SDKROOT; };
		53A35FB92778C7C400D12C8C /* SwiftUI.framework */ = {isa = PBXFileReference; lastKnownFileType = wrapper.framework; name = SwiftUI.framework; path = System/Library/Frameworks/SwiftUI.framework; sourceTree = SDKROOT; };
		53A35FBC2778C7C400D12C8C /* AppWidgets.swift */ = {isa = PBXFileReference; lastKnownFileType = sourcecode.swift; path = AppWidgets.swift; sourceTree = "<group>"; };
		53A35FBE2778C7C400D12C8C /* AppWidgets.intentdefinition */ = {isa = PBXFileReference; lastKnownFileType = file.intentdefinition; path = AppWidgets.intentdefinition; sourceTree = "<group>"; };
		53A35FBF2778C7C500D12C8C /* Assets.xcassets */ = {isa = PBXFileReference; lastKnownFileType = folder.assetcatalog; path = Assets.xcassets; sourceTree = "<group>"; };
		53A35FC12778C7C500D12C8C /* Info.plist */ = {isa = PBXFileReference; lastKnownFileType = text.plist.xml; path = Info.plist; sourceTree = "<group>"; };
		53A35FCA2778DB6900D12C8C /* DailySummaryTimelineProvider.swift */ = {isa = PBXFileReference; lastKnownFileType = sourcecode.swift; path = DailySummaryTimelineProvider.swift; sourceTree = "<group>"; };
		53A35FD02778DC2300D12C8C /* DailySummaryEntry.swift */ = {isa = PBXFileReference; lastKnownFileType = sourcecode.swift; path = DailySummaryEntry.swift; sourceTree = "<group>"; };
		53A35FD22778DDC500D12C8C /* GetDailySummaryQuery.swift */ = {isa = PBXFileReference; lastKnownFileType = sourcecode.swift; path = GetDailySummaryQuery.swift; sourceTree = "<group>"; };
		53A35FDE2778E2F700D12C8C /* DailySummaryView.swift */ = {isa = PBXFileReference; lastKnownFileType = sourcecode.swift; path = DailySummaryView.swift; sourceTree = "<group>"; };
		53D3A7FA2756CE4F0090B266 /* MedTrackerBiz */ = {isa = PBXFileReference; lastKnownFileType = folder; name = MedTrackerBiz; path = ../MedTrackerBiz; sourceTree = "<group>"; };
		53D3A8022756DA910090B266 /* MemoryMedications.swift */ = {isa = PBXFileReference; fileEncoding = 4; lastKnownFileType = sourcecode.swift; path = MemoryMedications.swift; sourceTree = "<group>"; };
		53E100CA277A0943008FB883 /* AppWidgetsExtension.entitlements */ = {isa = PBXFileReference; lastKnownFileType = text.plist.entitlements; path = AppWidgetsExtension.entitlements; sourceTree = "<group>"; };
		53E9123927527BCE00710D4C /* MedTracker.app */ = {isa = PBXFileReference; explicitFileType = wrapper.application; includeInIndex = 0; path = MedTracker.app; sourceTree = BUILT_PRODUCTS_DIR; };
		53E9123C27527BCE00710D4C /* MedTrackerApp.swift */ = {isa = PBXFileReference; lastKnownFileType = sourcecode.swift; path = MedTrackerApp.swift; sourceTree = "<group>"; };
		53E9124027527BD000710D4C /* Assets.xcassets */ = {isa = PBXFileReference; lastKnownFileType = folder.assetcatalog; path = Assets.xcassets; sourceTree = "<group>"; };
		53E9124327527BD000710D4C /* Preview Assets.xcassets */ = {isa = PBXFileReference; lastKnownFileType = folder.assetcatalog; path = "Preview Assets.xcassets"; sourceTree = "<group>"; };
		53E9124927527BD000710D4C /* MedTrackerTests.xctest */ = {isa = PBXFileReference; explicitFileType = wrapper.cfbundle; includeInIndex = 0; path = MedTrackerTests.xctest; sourceTree = BUILT_PRODUCTS_DIR; };
		53E9125327527BD000710D4C /* MedTrackerUITests.xctest */ = {isa = PBXFileReference; explicitFileType = wrapper.cfbundle; includeInIndex = 0; path = MedTrackerUITests.xctest; sourceTree = BUILT_PRODUCTS_DIR; };
		53E9125727527BD000710D4C /* MedTrackerUITests.swift */ = {isa = PBXFileReference; lastKnownFileType = sourcecode.swift; path = MedTrackerUITests.swift; sourceTree = "<group>"; };
		53E9126727543A9000710D4C /* MedicationCard.swift */ = {isa = PBXFileReference; lastKnownFileType = sourcecode.swift; path = MedicationCard.swift; sourceTree = "<group>"; };
		53E9126927543CF100710D4C /* ScheduleSlotView.swift */ = {isa = PBXFileReference; lastKnownFileType = sourcecode.swift; path = ScheduleSlotView.swift; sourceTree = "<group>"; };
		53E9126B27543E7900710D4C /* DailyScheduleView.swift */ = {isa = PBXFileReference; lastKnownFileType = sourcecode.swift; path = DailyScheduleView.swift; sourceTree = "<group>"; };
		53F409CA275A93F500AECAEB /* DipContainer.swift */ = {isa = PBXFileReference; lastKnownFileType = sourcecode.swift; path = DipContainer.swift; sourceTree = "<group>"; };
		53F409D2275ABC8F00AECAEB /* MemoryDatabase.swift */ = {isa = PBXFileReference; lastKnownFileType = sourcecode.swift; path = MemoryDatabase.swift; sourceTree = "<group>"; };
		53FAEFB0275EABD300786858 /* AppIntents.entitlements */ = {isa = PBXFileReference; lastKnownFileType = text.plist.entitlements; path = AppIntents.entitlements; sourceTree = "<group>"; };
/* End PBXFileReference section */

/* Begin PBXFrameworksBuildPhase section */
		5316751D275C202500CE3753 /* Frameworks */ = {
			isa = PBXFrameworksBuildPhase;
			buildActionMask = 2147483647;
			files = (
				53554B1D277F7FF300A7C942 /* CoreDataKit in Frameworks */,
				53D1C3E02780CD1A00980282 /* MedicationApp in Frameworks */,
				53167521275C202500CE3753 /* Intents.framework in Frameworks */,
			);
			runOnlyForDeploymentPostprocessing = 0;
		};
		53167527275C202500CE3753 /* Frameworks */ = {
			isa = PBXFrameworksBuildPhase;
			buildActionMask = 2147483647;
			files = (
				5316752B275C202500CE3753 /* IntentsUI.framework in Frameworks */,
			);
			runOnlyForDeploymentPostprocessing = 0;
		};
		53A35FB32778C7C400D12C8C /* Frameworks */ = {
			isa = PBXFrameworksBuildPhase;
			buildActionMask = 2147483647;
			files = (
				53A35FBA2778C7C400D12C8C /* SwiftUI.framework in Frameworks */,
				53554B1F277F7FF900A7C942 /* CoreDataKit in Frameworks */,
				53A35FB82778C7C400D12C8C /* WidgetKit.framework in Frameworks */,
				53D1C3DC2780CD0600980282 /* MedicationApp in Frameworks */,
			);
			runOnlyForDeploymentPostprocessing = 0;
		};
		53E9123627527BCE00710D4C /* Frameworks */ = {
			isa = PBXFrameworksBuildPhase;
			buildActionMask = 2147483647;
			files = (
				53F409C9275A6F3600AECAEB /* Dip in Frameworks */,
				53554B18277F7EB900A7C942 /* CoreDataKit in Frameworks */,
				5329EE942757E4CA00AB058F /* JFLib.Mediator in Frameworks */,
				53D3A8062756DBC50090B266 /* JFLib.Services in Frameworks */,
				53D1C3DE2780CD1100980282 /* MedicationApp in Frameworks */,
			);
			runOnlyForDeploymentPostprocessing = 0;
		};
		53E9124627527BD000710D4C /* Frameworks */ = {
			isa = PBXFrameworksBuildPhase;
			buildActionMask = 2147483647;
			files = (
			);
			runOnlyForDeploymentPostprocessing = 0;
		};
		53E9125027527BD000710D4C /* Frameworks */ = {
			isa = PBXFrameworksBuildPhase;
			buildActionMask = 2147483647;
			files = (
			);
			runOnlyForDeploymentPostprocessing = 0;
		};
/* End PBXFrameworksBuildPhase section */

/* Begin PBXGroup section */
		531674D8275BC59A00CE3753 /* Logging */ = {
			isa = PBXGroup;
			children = (
				531674D9275BC5DB00CE3753 /* Logger+extensions.swift */,
			);
			path = Logging;
			sourceTree = "<group>";
		};
		531674DB275BC7D300CE3753 /* Combine */ = {
			isa = PBXGroup;
			children = (
				531674DC275BC7E400CE3753 /* logErrorAndReplaceWith.swift */,
			);
			path = Combine;
			sourceTree = "<group>";
		};
		531674DE275BCC2300CE3753 /* Pages */ = {
			isa = PBXGroup;
			children = (
				531674E1275BCC6C00CE3753 /* PageErrors.swift */,
				531674DF275BCC4800CE3753 /* DailySchedulePage.swift */,
				531674E8275BCDC100CE3753 /* NewMedicationPage.swift */,
				531674EA275BCF1C00CE3753 /* MedicationEntry.swift */,
			);
			path = Pages;
			sourceTree = "<group>";
		};
		531674E3275BCC7C00CE3753 /* Helpers */ = {
			isa = PBXGroup;
			children = (
				531674E4275BCC8600CE3753 /* Helpers.swift */,
				531674E6275BCC9B00CE3753 /* Extensions.swift */,
			);
			path = Helpers;
			sourceTree = "<group>";
		};
		531674EC275C153800CE3753 /* UI Test Content */ = {
			isa = PBXGroup;
			children = (
				531674ED275C154900CE3753 /* UITestHelper.swift */,
			);
			path = "UI Test Content";
			sourceTree = "<group>";
		};
		531674F0275C177A00CE3753 /* Resources */ = {
			isa = PBXGroup;
			children = (
				531674F4275C1D0900CE3753 /* MedTracker.entitlements */,
				536EAC73275EA7F3007AAD9B /* MedTrackerRelease.entitlements */,
				53E9124027527BD000710D4C /* Assets.xcassets */,
				531674F1275C179D00CE3753 /* Intents.intentdefinition */,
			);
			path = Resources;
			sourceTree = "<group>";
		};
		53167522275C202500CE3753 /* AppIntents */ = {
			isa = PBXGroup;
			children = (
				53FAEFB0275EABD300786858 /* AppIntents.entitlements */,
				53167525275C202500CE3753 /* Info.plist */,
				53167523275C202500CE3753 /* IntentHandler.swift */,
			);
			path = AppIntents;
			sourceTree = "<group>";
		};
		5316752C275C202500CE3753 /* AppIntentsUI */ = {
			isa = PBXGroup;
			children = (
				5316752D275C202500CE3753 /* IntentViewController.swift */,
				5316752F275C202500CE3753 /* MainInterface.storyboard */,
				53167532275C202500CE3753 /* Info.plist */,
			);
			path = AppIntentsUI;
			sourceTree = "<group>";
		};
		531860462764F5F9006F2B15 /* AppIntent */ = {
			isa = PBXGroup;
			children = (
				531860472764F60B006F2B15 /* LogMedicationIntentHandlerTests.swift */,
			);
			path = AppIntent;
			sourceTree = "<group>";
		};
		531860492764F647006F2B15 /* Test Support */ = {
			isa = PBXGroup;
			children = (
				5318604A2764F657006F2B15 /* Mocks */,
			);
			path = "Test Support";
			sourceTree = "<group>";
		};
		5318604A2764F657006F2B15 /* Mocks */ = {
			isa = PBXGroup;
			children = (
				5318604B2764F670006F2B15 /* MockRecordAdministrationUseCase.swift */,
				531860502765137D006F2B15 /* MockGetTrackedMedicationsUseCase.swift */,
			);
			path = Mocks;
			sourceTree = "<group>";
		};
		5318604D2764F765006F2B15 /* Shared */ = {
			isa = PBXGroup;
			children = (
				5318604E2764F76B006F2B15 /* Intents */,
			);
			path = Shared;
			sourceTree = "<group>";
		};
		5318604E2764F76B006F2B15 /* Intents */ = {
			isa = PBXGroup;
			children = (
				5316753F275C20B100CE3753 /* LogMedicationIntentHandler.swift */,
			);
			path = Intents;
			sourceTree = "<group>";
		};
		53262B5227568407001C6FE9 /* DailySchedule */ = {
			isa = PBXGroup;
			children = (
				532E765E2759142C0092AB85 /* MedicationStates */,
				53262B552756849E001C6FE9 /* DailyScheduleViewModel.swift */,
				53E9126B27543E7900710D4C /* DailyScheduleView.swift */,
				53262B5327568443001C6FE9 /* MedicationList.swift */,
				53E9126727543A9000710D4C /* MedicationCard.swift */,
				53E9126927543CF100710D4C /* ScheduleSlotView.swift */,
			);
			path = DailySchedule;
			sourceTree = "<group>";
		};
		53298AFC27595FB300B281C6 /* TrackMedication */ = {
			isa = PBXGroup;
			children = (
				53298B012759767100B281C6 /* NewMedicationViewModel.swift */,
				53298AFF27596BC700B281C6 /* NewMedicationView.swift */,
			);
			path = TrackMedication;
			sourceTree = "<group>";
		};
		5329EE992757EE0E00AB058F /* DailySchedule */ = {
			isa = PBXGroup;
			children = (
				5329EE9A2757EE1F00AB058F /* DailyScheduleViewModelTests.swift */,
			);
			path = DailySchedule;
			sourceTree = "<group>";
		};
		532E765E2759142C0092AB85 /* MedicationStates */ = {
			isa = PBXGroup;
			children = (
				532E765F275915100092AB85 /* MedicationPromptView.swift */,
				532E7661275915A40092AB85 /* AdministrationRecordedView.swift */,
				532E7663275920190092AB85 /* DailyMedicationView.swift */,
			);
			path = MedicationStates;
			sourceTree = "<group>";
		};
		532E7665275921B10092AB85 /* Shared */ = {
			isa = PBXGroup;
			children = (
				532E7666275921BA0092AB85 /* Card */,
			);
			path = Shared;
			sourceTree = "<group>";
		};
		532E7666275921BA0092AB85 /* Card */ = {
			isa = PBXGroup;
			children = (
				532E7667275921CC0092AB85 /* CardViewModifier.swift */,
			);
			path = Card;
			sourceTree = "<group>";
		};
		53554B19277F7F7300A7C942 /* CoreData */ = {
			isa = PBXGroup;
			children = (
				53554B1A277F7F9C00A7C942 /* CoreDataSaveListener.swift */,
			);
			path = CoreData;
			sourceTree = "<group>";
		};
		536CD449277F568600A1FC73 /* DailySummary */ = {
			isa = PBXGroup;
			children = (
				53A35FCA2778DB6900D12C8C /* DailySummaryTimelineProvider.swift */,
				53A35FD02778DC2300D12C8C /* DailySummaryEntry.swift */,
				53A35FDE2778E2F700D12C8C /* DailySummaryView.swift */,
			);
			path = DailySummary;
			sourceTree = "<group>";
		};
		536CD44A277F56AE00A1FC73 /* Service */ = {
			isa = PBXGroup;
			children = (
				536CD44B277F56C900A1FC73 /* MedTrackerService.swift */,
			);
			path = Service;
			sourceTree = "<group>";
		};
		536CD44D277F576700A1FC73 /* Port */ = {
			isa = PBXGroup;
			children = (
				536CD44E277F576C00A1FC73 /* Out */,
			);
			path = Port;
			sourceTree = "<group>";
		};
		536CD44E277F576C00A1FC73 /* Out */ = {
			isa = PBXGroup;
			children = (
				53A35FD22778DDC500D12C8C /* GetDailySummaryQuery.swift */,
			);
			path = Out;
			sourceTree = "<group>";
		};
		536EAC6F275E968F007AAD9B /* Shortcuts */ = {
			isa = PBXGroup;
			children = (
				536EAC6D275E960B007AAD9B /* IntentDonationService.swift */,
				536EAC71275E989E007AAD9B /* EmptyDonationService.swift */,
			);
			path = Shortcuts;
			sourceTree = "<group>";
		};
		538F8BB3277A00540023C5E5 /* WidgetCenter */ = {
			isa = PBXGroup;
			children = (
				538F8BB4277A006D0023C5E5 /* MedTrackerWidgetCenter.swift */,
			);
			path = WidgetCenter;
			sourceTree = "<group>";
		};
		53A35FBB2778C7C400D12C8C /* AppWidgets */ = {
			isa = PBXGroup;
			children = (
				536CD44D277F576700A1FC73 /* Port */,
				536CD449277F568600A1FC73 /* DailySummary */,
				536CD44A277F56AE00A1FC73 /* Service */,
				53A35FBC2778C7C400D12C8C /* AppWidgets.swift */,
				53E100CA277A0943008FB883 /* AppWidgetsExtension.entitlements */,
				53A35FBE2778C7C400D12C8C /* AppWidgets.intentdefinition */,
				53A35FBF2778C7C500D12C8C /* Assets.xcassets */,
				53A35FC12778C7C500D12C8C /* Info.plist */,
			);
			path = AppWidgets;
			sourceTree = "<group>";
		};
		53D3A7F92756CE4F0090B266 /* Packages */ = {
			isa = PBXGroup;
			children = (
				53D3A7FA2756CE4F0090B266 /* MedTrackerBiz */,
			);
			name = Packages;
			sourceTree = "<group>";
		};
		53D3A7FB2756CEF80090B266 /* Frameworks */ = {
			isa = PBXGroup;
			children = (
				531674FB275C1F8F00CE3753 /* Intents.framework */,
				53167506275C1F9000CE3753 /* IntentsUI.framework */,
				53A35FB72778C7C400D12C8C /* WidgetKit.framework */,
				53A35FB92778C7C400D12C8C /* SwiftUI.framework */,
			);
			name = Frameworks;
			sourceTree = "<group>";
		};
		53D3A7FE2756DA450090B266 /* Infrastructure */ = {
			isa = PBXGroup;
			children = (
				531674DB275BC7D300CE3753 /* Combine */,
				531674D8275BC59A00CE3753 /* Logging */,
				53F409C6275A5C0A00AECAEB /* DependencyInjection */,
				53D3A7FF2756DA720090B266 /* Persistence */,
				536EAC6F275E968F007AAD9B /* Shortcuts */,
				538F8BB3277A00540023C5E5 /* WidgetCenter */,
			);
			path = Infrastructure;
			sourceTree = "<group>";
		};
		53D3A7FF2756DA720090B266 /* Persistence */ = {
			isa = PBXGroup;
			children = (
				53554B19277F7F7300A7C942 /* CoreData */,
				53D3A8002756DA7A0090B266 /* Memory */,
			);
			path = Persistence;
			sourceTree = "<group>";
		};
		53D3A8002756DA7A0090B266 /* Memory */ = {
			isa = PBXGroup;
			children = (
				53D3A8022756DA910090B266 /* MemoryMedications.swift */,
				532E765C275840660092AB85 /* MemoryAdministrations.swift */,
				53F409D2275ABC8F00AECAEB /* MemoryDatabase.swift */,
			);
			path = Memory;
			sourceTree = "<group>";
		};
		53E9123027527BCE00710D4C = {
			isa = PBXGroup;
			children = (
				5318604D2764F765006F2B15 /* Shared */,
				53E9123B27527BCE00710D4C /* MedTracker */,
				53E9124C27527BD000710D4C /* MedTrackerTests */,
				53E9125627527BD000710D4C /* MedTrackerUITests */,
				53167522275C202500CE3753 /* AppIntents */,
				5316752C275C202500CE3753 /* AppIntentsUI */,
				53A35FBB2778C7C400D12C8C /* AppWidgets */,
				53D3A7FE2756DA450090B266 /* Infrastructure */,
				53D3A7F92756CE4F0090B266 /* Packages */,
				53E9123A27527BCE00710D4C /* Products */,
				53D3A7FB2756CEF80090B266 /* Frameworks */,
			);
			sourceTree = "<group>";
		};
		53E9123A27527BCE00710D4C /* Products */ = {
			isa = PBXGroup;
			children = (
				53E9123927527BCE00710D4C /* MedTracker.app */,
				53E9124927527BD000710D4C /* MedTrackerTests.xctest */,
				53E9125327527BD000710D4C /* MedTrackerUITests.xctest */,
				53167520275C202500CE3753 /* AppIntents.appex */,
				5316752A275C202500CE3753 /* AppIntentsUI.appex */,
				53A35FB62778C7C400D12C8C /* AppWidgetsExtension.appex */,
			);
			name = Products;
			sourceTree = "<group>";
		};
		53E9123B27527BCE00710D4C /* MedTracker */ = {
			isa = PBXGroup;
			children = (
				532E7665275921B10092AB85 /* Shared */,
				53262B5227568407001C6FE9 /* DailySchedule */,
				53298AFC27595FB300B281C6 /* TrackMedication */,
				531674F3275C17B900CE3753 /* Info.plist */,
				53E9123C27527BCE00710D4C /* MedTrackerApp.swift */,
				531674F0275C177A00CE3753 /* Resources */,
				53E9124227527BD000710D4C /* Preview Content */,
				531674EC275C153800CE3753 /* UI Test Content */,
			);
			path = MedTracker;
			sourceTree = "<group>";
		};
		53E9124227527BD000710D4C /* Preview Content */ = {
			isa = PBXGroup;
			children = (
				53E9124327527BD000710D4C /* Preview Assets.xcassets */,
			);
			path = "Preview Content";
			sourceTree = "<group>";
		};
		53E9124C27527BD000710D4C /* MedTrackerTests */ = {
			isa = PBXGroup;
			children = (
				531860492764F647006F2B15 /* Test Support */,
				531860462764F5F9006F2B15 /* AppIntent */,
				5329EE992757EE0E00AB058F /* DailySchedule */,
			);
			path = MedTrackerTests;
			sourceTree = "<group>";
		};
		53E9125627527BD000710D4C /* MedTrackerUITests */ = {
			isa = PBXGroup;
			children = (
				531674DE275BCC2300CE3753 /* Pages */,
				531674E3275BCC7C00CE3753 /* Helpers */,
				53E9125727527BD000710D4C /* MedTrackerUITests.swift */,
			);
			path = MedTrackerUITests;
			sourceTree = "<group>";
		};
		53F409C6275A5C0A00AECAEB /* DependencyInjection */ = {
			isa = PBXGroup;
			children = (
				53F409CA275A93F500AECAEB /* DipContainer.swift */,
			);
			path = DependencyInjection;
			sourceTree = "<group>";
		};
/* End PBXGroup section */

/* Begin PBXNativeTarget section */
		5316751F275C202500CE3753 /* AppIntents */ = {
			isa = PBXNativeTarget;
			buildConfigurationList = 5316753C275C202500CE3753 /* Build configuration list for PBXNativeTarget "AppIntents" */;
			buildPhases = (
				5316751C275C202500CE3753 /* Sources */,
				5316751D275C202500CE3753 /* Frameworks */,
				5316751E275C202500CE3753 /* Resources */,
			);
			buildRules = (
			);
			dependencies = (
			);
			name = AppIntents;
			packageProductDependencies = (
				53554B1C277F7FF300A7C942 /* CoreDataKit */,
				53D1C3DF2780CD1A00980282 /* MedicationApp */,
			);
			productName = AppIntents;
			productReference = 53167520275C202500CE3753 /* AppIntents.appex */;
			productType = "com.apple.product-type.app-extension";
		};
		53167529275C202500CE3753 /* AppIntentsUI */ = {
			isa = PBXNativeTarget;
			buildConfigurationList = 53167539275C202500CE3753 /* Build configuration list for PBXNativeTarget "AppIntentsUI" */;
			buildPhases = (
				53167526275C202500CE3753 /* Sources */,
				53167527275C202500CE3753 /* Frameworks */,
				53167528275C202500CE3753 /* Resources */,
			);
			buildRules = (
			);
			dependencies = (
			);
			name = AppIntentsUI;
			productName = AppIntentsUI;
			productReference = 5316752A275C202500CE3753 /* AppIntentsUI.appex */;
			productType = "com.apple.product-type.app-extension";
		};
		53A35FB52778C7C400D12C8C /* AppWidgetsExtension */ = {
			isa = PBXNativeTarget;
			buildConfigurationList = 53A35FC92778C7C500D12C8C /* Build configuration list for PBXNativeTarget "AppWidgetsExtension" */;
			buildPhases = (
				53A35FB22778C7C400D12C8C /* Sources */,
				53A35FB32778C7C400D12C8C /* Frameworks */,
				53A35FB42778C7C400D12C8C /* Resources */,
			);
			buildRules = (
			);
			dependencies = (
			);
			name = AppWidgetsExtension;
			packageProductDependencies = (
				53554B1E277F7FF900A7C942 /* CoreDataKit */,
				53D1C3DB2780CD0600980282 /* MedicationApp */,
			);
			productName = AppWidgetsExtension;
			productReference = 53A35FB62778C7C400D12C8C /* AppWidgetsExtension.appex */;
			productType = "com.apple.product-type.app-extension";
		};
		53E9123827527BCE00710D4C /* MedTracker */ = {
			isa = PBXNativeTarget;
			buildConfigurationList = 53E9125D27527BD000710D4C /* Build configuration list for PBXNativeTarget "MedTracker" */;
			buildPhases = (
				53E9123527527BCE00710D4C /* Sources */,
				53E9123627527BCE00710D4C /* Frameworks */,
				53E9123727527BCE00710D4C /* Resources */,
				5316751B275C1F9000CE3753 /* Embed App Extensions */,
			);
			buildRules = (
			);
			dependencies = (
				53167534275C202500CE3753 /* PBXTargetDependency */,
				53167537275C202500CE3753 /* PBXTargetDependency */,
				53A35FC52778C7C500D12C8C /* PBXTargetDependency */,
			);
			name = MedTracker;
			packageProductDependencies = (
				53D3A8052756DBC50090B266 /* JFLib.Services */,
				5329EE932757E4CA00AB058F /* JFLib.Mediator */,
				53F409C8275A6F3600AECAEB /* Dip */,
				53554B17277F7EB900A7C942 /* CoreDataKit */,
				53D1C3DD2780CD1100980282 /* MedicationApp */,
			);
			productName = MedTracker;
			productReference = 53E9123927527BCE00710D4C /* MedTracker.app */;
			productType = "com.apple.product-type.application";
		};
		53E9124827527BD000710D4C /* MedTrackerTests */ = {
			isa = PBXNativeTarget;
			buildConfigurationList = 53E9126027527BD000710D4C /* Build configuration list for PBXNativeTarget "MedTrackerTests" */;
			buildPhases = (
				53E9124527527BD000710D4C /* Sources */,
				53E9124627527BD000710D4C /* Frameworks */,
				53E9124727527BD000710D4C /* Resources */,
			);
			buildRules = (
			);
			dependencies = (
				53E9124B27527BD000710D4C /* PBXTargetDependency */,
			);
			name = MedTrackerTests;
			productName = MedTrackerTests;
			productReference = 53E9124927527BD000710D4C /* MedTrackerTests.xctest */;
			productType = "com.apple.product-type.bundle.unit-test";
		};
		53E9125227527BD000710D4C /* MedTrackerUITests */ = {
			isa = PBXNativeTarget;
			buildConfigurationList = 53E9126327527BD000710D4C /* Build configuration list for PBXNativeTarget "MedTrackerUITests" */;
			buildPhases = (
				53E9124F27527BD000710D4C /* Sources */,
				53E9125027527BD000710D4C /* Frameworks */,
				53E9125127527BD000710D4C /* Resources */,
			);
			buildRules = (
			);
			dependencies = (
				53E9125527527BD000710D4C /* PBXTargetDependency */,
			);
			name = MedTrackerUITests;
			productName = MedTrackerUITests;
			productReference = 53E9125327527BD000710D4C /* MedTrackerUITests.xctest */;
			productType = "com.apple.product-type.bundle.ui-testing";
		};
/* End PBXNativeTarget section */

/* Begin PBXProject section */
		53E9123127527BCE00710D4C /* Project object */ = {
			isa = PBXProject;
			attributes = {
				BuildIndependentTargetsInParallel = 1;
				LastSwiftUpdateCheck = 1320;
				LastUpgradeCheck = 1300;
				TargetAttributes = {
					5316751F275C202500CE3753 = {
						CreatedOnToolsVersion = 13.0;
					};
					53167529275C202500CE3753 = {
						CreatedOnToolsVersion = 13.0;
					};
					53A35FB52778C7C400D12C8C = {
						CreatedOnToolsVersion = 13.2;
					};
					53E9123827527BCE00710D4C = {
						CreatedOnToolsVersion = 13.0;
					};
					53E9124827527BD000710D4C = {
						CreatedOnToolsVersion = 13.0;
						TestTargetID = 53E9123827527BCE00710D4C;
					};
					53E9125227527BD000710D4C = {
						CreatedOnToolsVersion = 13.0;
						TestTargetID = 53E9123827527BCE00710D4C;
					};
				};
			};
			buildConfigurationList = 53E9123427527BCE00710D4C /* Build configuration list for PBXProject "MedTracker" */;
			compatibilityVersion = "Xcode 13.0";
			developmentRegion = en;
			hasScannedForEncodings = 0;
			knownRegions = (
				en,
				Base,
			);
			mainGroup = 53E9123027527BCE00710D4C;
			packageReferences = (
				53D3A8042756DBC50090B266 /* XCRemoteSwiftPackageReference "JFLib" */,
				53F409C7275A6F3600AECAEB /* XCRemoteSwiftPackageReference "Dip" */,
			);
			productRefGroup = 53E9123A27527BCE00710D4C /* Products */;
			projectDirPath = "";
			projectRoot = "";
			targets = (
				53E9123827527BCE00710D4C /* MedTracker */,
				53E9124827527BD000710D4C /* MedTrackerTests */,
				53E9125227527BD000710D4C /* MedTrackerUITests */,
				5316751F275C202500CE3753 /* AppIntents */,
				53167529275C202500CE3753 /* AppIntentsUI */,
				53A35FB52778C7C400D12C8C /* AppWidgetsExtension */,
			);
		};
/* End PBXProject section */

/* Begin PBXResourcesBuildPhase section */
		5316751E275C202500CE3753 /* Resources */ = {
			isa = PBXResourcesBuildPhase;
			buildActionMask = 2147483647;
			files = (
			);
			runOnlyForDeploymentPostprocessing = 0;
		};
		53167528275C202500CE3753 /* Resources */ = {
			isa = PBXResourcesBuildPhase;
			buildActionMask = 2147483647;
			files = (
				53167531275C202500CE3753 /* MainInterface.storyboard in Resources */,
			);
			runOnlyForDeploymentPostprocessing = 0;
		};
		53A35FB42778C7C400D12C8C /* Resources */ = {
			isa = PBXResourcesBuildPhase;
			buildActionMask = 2147483647;
			files = (
				53A35FC02778C7C500D12C8C /* Assets.xcassets in Resources */,
			);
			runOnlyForDeploymentPostprocessing = 0;
		};
		53E9123727527BCE00710D4C /* Resources */ = {
			isa = PBXResourcesBuildPhase;
			buildActionMask = 2147483647;
			files = (
				53E9124427527BD000710D4C /* Preview Assets.xcassets in Resources */,
				53E9124127527BD000710D4C /* Assets.xcassets in Resources */,
			);
			runOnlyForDeploymentPostprocessing = 0;
		};
		53E9124727527BD000710D4C /* Resources */ = {
			isa = PBXResourcesBuildPhase;
			buildActionMask = 2147483647;
			files = (
			);
			runOnlyForDeploymentPostprocessing = 0;
		};
		53E9125127527BD000710D4C /* Resources */ = {
			isa = PBXResourcesBuildPhase;
			buildActionMask = 2147483647;
			files = (
			);
			runOnlyForDeploymentPostprocessing = 0;
		};
/* End PBXResourcesBuildPhase section */

/* Begin PBXSourcesBuildPhase section */
		5316751C275C202500CE3753 /* Sources */ = {
			isa = PBXSourcesBuildPhase;
			buildActionMask = 2147483647;
			files = (
				53167541275C212600CE3753 /* Intents.intentdefinition in Sources */,
				53167524275C202500CE3753 /* IntentHandler.swift in Sources */,
				530C5BF0275EAE410089B69F /* EmptyDonationService.swift in Sources */,
				53167540275C20B200CE3753 /* LogMedicationIntentHandler.swift in Sources */,
				53E242F5277C981100FC5C72 /* MedTrackerWidgetCenter.swift in Sources */,
				5392B0A727617A0000F486DE /* Logger+extensions.swift in Sources */,
			);
			runOnlyForDeploymentPostprocessing = 0;
		};
		53167526275C202500CE3753 /* Sources */ = {
			isa = PBXSourcesBuildPhase;
			buildActionMask = 2147483647;
			files = (
				5316752E275C202500CE3753 /* IntentViewController.swift in Sources */,
			);
			runOnlyForDeploymentPostprocessing = 0;
		};
		53A35FB22778C7C400D12C8C /* Sources */ = {
			isa = PBXSourcesBuildPhase;
			buildActionMask = 2147483647;
			files = (
				53A35FD12778DC2300D12C8C /* DailySummaryEntry.swift in Sources */,
				53A35FC22778C7C500D12C8C /* AppWidgets.intentdefinition in Sources */,
				53A35FDF2778E2F700D12C8C /* DailySummaryView.swift in Sources */,
				536CD44C277F56C900A1FC73 /* MedTrackerService.swift in Sources */,
				53A35FD32778DDC500D12C8C /* GetDailySummaryQuery.swift in Sources */,
				53A35FD72778DDFF00D12C8C /* EmptyDonationService.swift in Sources */,
				53A35FCC2778DB6D00D12C8C /* DailySummaryTimelineProvider.swift in Sources */,
				53A35FDB2778E02200D12C8C /* Logger+extensions.swift in Sources */,
				53A35FBD2778C7C400D12C8C /* AppWidgets.swift in Sources */,
			);
			runOnlyForDeploymentPostprocessing = 0;
		};
		53E9123527527BCE00710D4C /* Sources */ = {
			isa = PBXSourcesBuildPhase;
			buildActionMask = 2147483647;
			files = (
				531674DD275BC7E400CE3753 /* logErrorAndReplaceWith.swift in Sources */,
				531674DA275BC5DB00CE3753 /* Logger+extensions.swift in Sources */,
				532E7664275920190092AB85 /* DailyMedicationView.swift in Sources */,
				536EAC72275E989E007AAD9B /* EmptyDonationService.swift in Sources */,
				531674EE275C154900CE3753 /* UITestHelper.swift in Sources */,
				532E7662275915A40092AB85 /* AdministrationRecordedView.swift in Sources */,
				532E765D275840660092AB85 /* MemoryAdministrations.swift in Sources */,
				53A35FC32778C7C500D12C8C /* AppWidgets.intentdefinition in Sources */,
				531674F2275C179D00CE3753 /* Intents.intentdefinition in Sources */,
				53E9123D27527BCE00710D4C /* MedTrackerApp.swift in Sources */,
				53298B0027596BC700B281C6 /* NewMedicationView.swift in Sources */,
				53F409D3275ABC8F00AECAEB /* MemoryDatabase.swift in Sources */,
				532E7660275915100092AB85 /* MedicationPromptView.swift in Sources */,
				53E9126827543A9000710D4C /* MedicationCard.swift in Sources */,
				53E9126A27543CF100710D4C /* ScheduleSlotView.swift in Sources */,
				53262B562756849E001C6FE9 /* DailyScheduleViewModel.swift in Sources */,
				53298B022759767100B281C6 /* NewMedicationViewModel.swift in Sources */,
				53262B5427568443001C6FE9 /* MedicationList.swift in Sources */,
				532E7668275921CC0092AB85 /* CardViewModifier.swift in Sources */,
				53554B1B277F7F9C00A7C942 /* CoreDataSaveListener.swift in Sources */,
				5318604F2764F890006F2B15 /* LogMedicationIntentHandler.swift in Sources */,
				53F409CB275A93F500AECAEB /* DipContainer.swift in Sources */,
				53D3A8032756DA910090B266 /* MemoryMedications.swift in Sources */,
				53E9126C27543E7900710D4C /* DailyScheduleView.swift in Sources */,
				538F8BB5277A006D0023C5E5 /* MedTrackerWidgetCenter.swift in Sources */,
				536EAC70275E96A0007AAD9B /* IntentDonationService.swift in Sources */,
			);
			runOnlyForDeploymentPostprocessing = 0;
		};
		53E9124527527BD000710D4C /* Sources */ = {
			isa = PBXSourcesBuildPhase;
			buildActionMask = 2147483647;
			files = (
				531860482764F60B006F2B15 /* LogMedicationIntentHandlerTests.swift in Sources */,
				5329EE9B2757EE1F00AB058F /* DailyScheduleViewModelTests.swift in Sources */,
				531860512765137D006F2B15 /* MockGetTrackedMedicationsUseCase.swift in Sources */,
				5318604C2764F670006F2B15 /* MockRecordAdministrationUseCase.swift in Sources */,
			);
			runOnlyForDeploymentPostprocessing = 0;
		};
		53E9124F27527BD000710D4C /* Sources */ = {
			isa = PBXSourcesBuildPhase;
			buildActionMask = 2147483647;
			files = (
				531674E7275BCC9B00CE3753 /* Extensions.swift in Sources */,
				531674E2275BCC6C00CE3753 /* PageErrors.swift in Sources */,
				53E9125827527BD000710D4C /* MedTrackerUITests.swift in Sources */,
				531674E5275BCC8600CE3753 /* Helpers.swift in Sources */,
				531674E9275BCDC100CE3753 /* NewMedicationPage.swift in Sources */,
				531674E0275BCC4800CE3753 /* DailySchedulePage.swift in Sources */,
				531674EB275BCF1C00CE3753 /* MedicationEntry.swift in Sources */,
			);
			runOnlyForDeploymentPostprocessing = 0;
		};
/* End PBXSourcesBuildPhase section */

/* Begin PBXTargetDependency section */
		53167534275C202500CE3753 /* PBXTargetDependency */ = {
			isa = PBXTargetDependency;
			target = 53167529275C202500CE3753 /* AppIntentsUI */;
			targetProxy = 53167533275C202500CE3753 /* PBXContainerItemProxy */;
		};
		53167537275C202500CE3753 /* PBXTargetDependency */ = {
			isa = PBXTargetDependency;
			target = 5316751F275C202500CE3753 /* AppIntents */;
			targetProxy = 53167536275C202500CE3753 /* PBXContainerItemProxy */;
		};
		53A35FC52778C7C500D12C8C /* PBXTargetDependency */ = {
			isa = PBXTargetDependency;
			target = 53A35FB52778C7C400D12C8C /* AppWidgetsExtension */;
			targetProxy = 53A35FC42778C7C500D12C8C /* PBXContainerItemProxy */;
		};
		53E9124B27527BD000710D4C /* PBXTargetDependency */ = {
			isa = PBXTargetDependency;
			target = 53E9123827527BCE00710D4C /* MedTracker */;
			targetProxy = 53E9124A27527BD000710D4C /* PBXContainerItemProxy */;
		};
		53E9125527527BD000710D4C /* PBXTargetDependency */ = {
			isa = PBXTargetDependency;
			target = 53E9123827527BCE00710D4C /* MedTracker */;
			targetProxy = 53E9125427527BD000710D4C /* PBXContainerItemProxy */;
		};
/* End PBXTargetDependency section */

/* Begin PBXVariantGroup section */
		5316752F275C202500CE3753 /* MainInterface.storyboard */ = {
			isa = PBXVariantGroup;
			children = (
				53167530275C202500CE3753 /* Base */,
			);
			name = MainInterface.storyboard;
			sourceTree = "<group>";
		};
/* End PBXVariantGroup section */

/* Begin XCBuildConfiguration section */
		5316753A275C202500CE3753 /* Debug */ = {
			isa = XCBuildConfiguration;
			buildSettings = {
				CODE_SIGN_STYLE = Automatic;
				CURRENT_PROJECT_VERSION = 1;
				DEVELOPMENT_TEAM = Q96RZM5NAK;
				GENERATE_INFOPLIST_FILE = YES;
				INFOPLIST_FILE = AppIntentsUI/Info.plist;
				INFOPLIST_KEY_CFBundleDisplayName = AppIntentsUI;
				INFOPLIST_KEY_NSHumanReadableCopyright = "";
				LD_RUNPATH_SEARCH_PATHS = (
					"$(inherited)",
					"@executable_path/Frameworks",
					"@executable_path/../../Frameworks",
				);
				MARKETING_VERSION = 1.0;
				PRODUCT_BUNDLE_IDENTIFIER = com.joshfreed.MedTracker.AppIntentsUI;
				PRODUCT_NAME = "$(TARGET_NAME)";
				SKIP_INSTALL = YES;
				SWIFT_EMIT_LOC_STRINGS = YES;
				SWIFT_VERSION = 5.0;
				TARGETED_DEVICE_FAMILY = "1,2";
			};
			name = Debug;
		};
		5316753B275C202500CE3753 /* Release */ = {
			isa = XCBuildConfiguration;
			buildSettings = {
				CODE_SIGN_STYLE = Automatic;
				CURRENT_PROJECT_VERSION = 1;
				DEVELOPMENT_TEAM = Q96RZM5NAK;
				GENERATE_INFOPLIST_FILE = YES;
				INFOPLIST_FILE = AppIntentsUI/Info.plist;
				INFOPLIST_KEY_CFBundleDisplayName = AppIntentsUI;
				INFOPLIST_KEY_NSHumanReadableCopyright = "";
				LD_RUNPATH_SEARCH_PATHS = (
					"$(inherited)",
					"@executable_path/Frameworks",
					"@executable_path/../../Frameworks",
				);
				MARKETING_VERSION = 1.0;
				PRODUCT_BUNDLE_IDENTIFIER = com.joshfreed.MedTracker.AppIntentsUI;
				PRODUCT_NAME = "$(TARGET_NAME)";
				SKIP_INSTALL = YES;
				SWIFT_EMIT_LOC_STRINGS = YES;
				SWIFT_VERSION = 5.0;
				TARGETED_DEVICE_FAMILY = "1,2";
			};
			name = Release;
		};
		5316753D275C202500CE3753 /* Debug */ = {
			isa = XCBuildConfiguration;
			buildSettings = {
				CODE_SIGN_ENTITLEMENTS = AppIntents/AppIntents.entitlements;
				CODE_SIGN_STYLE = Automatic;
				CURRENT_PROJECT_VERSION = 1;
				DEVELOPMENT_TEAM = Q96RZM5NAK;
				GENERATE_INFOPLIST_FILE = YES;
				INFOPLIST_FILE = AppIntents/Info.plist;
				INFOPLIST_KEY_CFBundleDisplayName = AppIntents;
				INFOPLIST_KEY_NSHumanReadableCopyright = "";
				LD_RUNPATH_SEARCH_PATHS = (
					"$(inherited)",
					"@executable_path/Frameworks",
					"@executable_path/../../Frameworks",
				);
				MARKETING_VERSION = 1.0;
				PRODUCT_BUNDLE_IDENTIFIER = com.joshfreed.MedTracker.AppIntents;
				PRODUCT_NAME = "$(TARGET_NAME)";
				SKIP_INSTALL = YES;
				SWIFT_EMIT_LOC_STRINGS = YES;
				SWIFT_VERSION = 5.0;
				TARGETED_DEVICE_FAMILY = "1,2";
			};
			name = Debug;
		};
		5316753E275C202500CE3753 /* Release */ = {
			isa = XCBuildConfiguration;
			buildSettings = {
				CODE_SIGN_ENTITLEMENTS = AppIntents/AppIntents.entitlements;
				CODE_SIGN_STYLE = Automatic;
				CURRENT_PROJECT_VERSION = 1;
				DEVELOPMENT_TEAM = Q96RZM5NAK;
				GENERATE_INFOPLIST_FILE = YES;
				INFOPLIST_FILE = AppIntents/Info.plist;
				INFOPLIST_KEY_CFBundleDisplayName = AppIntents;
				INFOPLIST_KEY_NSHumanReadableCopyright = "";
				LD_RUNPATH_SEARCH_PATHS = (
					"$(inherited)",
					"@executable_path/Frameworks",
					"@executable_path/../../Frameworks",
				);
				MARKETING_VERSION = 1.0;
				PRODUCT_BUNDLE_IDENTIFIER = com.joshfreed.MedTracker.AppIntents;
				PRODUCT_NAME = "$(TARGET_NAME)";
				SKIP_INSTALL = YES;
				SWIFT_EMIT_LOC_STRINGS = YES;
				SWIFT_VERSION = 5.0;
				TARGETED_DEVICE_FAMILY = "1,2";
			};
			name = Release;
		};
		53A35FC72778C7C500D12C8C /* Debug */ = {
			isa = XCBuildConfiguration;
			buildSettings = {
				ASSETCATALOG_COMPILER_GLOBAL_ACCENT_COLOR_NAME = AccentColor;
				ASSETCATALOG_COMPILER_WIDGET_BACKGROUND_COLOR_NAME = WidgetBackground;
				CODE_SIGN_ENTITLEMENTS = AppWidgets/AppWidgetsExtension.entitlements;
				CODE_SIGN_STYLE = Automatic;
				CURRENT_PROJECT_VERSION = 1;
				DEVELOPMENT_TEAM = Q96RZM5NAK;
				GENERATE_INFOPLIST_FILE = YES;
				INFOPLIST_FILE = AppWidgets/Info.plist;
				INFOPLIST_KEY_CFBundleDisplayName = AppWidgets;
				INFOPLIST_KEY_NSHumanReadableCopyright = "";
				IPHONEOS_DEPLOYMENT_TARGET = 15.0;
				LD_RUNPATH_SEARCH_PATHS = (
					"$(inherited)",
					"@executable_path/Frameworks",
					"@executable_path/../../Frameworks",
				);
				MARKETING_VERSION = 1.0;
				PRODUCT_BUNDLE_IDENTIFIER = com.joshfreed.MedTracker.AppWidgets;
				PRODUCT_NAME = "$(TARGET_NAME)";
				SKIP_INSTALL = YES;
				SWIFT_EMIT_LOC_STRINGS = YES;
				SWIFT_VERSION = 5.0;
				TARGETED_DEVICE_FAMILY = "1,2";
			};
			name = Debug;
		};
		53A35FC82778C7C500D12C8C /* Release */ = {
			isa = XCBuildConfiguration;
			buildSettings = {
				ASSETCATALOG_COMPILER_GLOBAL_ACCENT_COLOR_NAME = AccentColor;
				ASSETCATALOG_COMPILER_WIDGET_BACKGROUND_COLOR_NAME = WidgetBackground;
				CODE_SIGN_ENTITLEMENTS = AppWidgets/AppWidgetsExtension.entitlements;
				CODE_SIGN_STYLE = Automatic;
				CURRENT_PROJECT_VERSION = 1;
				DEVELOPMENT_TEAM = Q96RZM5NAK;
				GENERATE_INFOPLIST_FILE = YES;
				INFOPLIST_FILE = AppWidgets/Info.plist;
				INFOPLIST_KEY_CFBundleDisplayName = AppWidgets;
				INFOPLIST_KEY_NSHumanReadableCopyright = "";
				IPHONEOS_DEPLOYMENT_TARGET = 15.0;
				LD_RUNPATH_SEARCH_PATHS = (
					"$(inherited)",
					"@executable_path/Frameworks",
					"@executable_path/../../Frameworks",
				);
				MARKETING_VERSION = 1.0;
				PRODUCT_BUNDLE_IDENTIFIER = com.joshfreed.MedTracker.AppWidgets;
				PRODUCT_NAME = "$(TARGET_NAME)";
				SKIP_INSTALL = YES;
				SWIFT_EMIT_LOC_STRINGS = YES;
				SWIFT_VERSION = 5.0;
				TARGETED_DEVICE_FAMILY = "1,2";
			};
			name = Release;
		};
		53E9125B27527BD000710D4C /* Debug */ = {
			isa = XCBuildConfiguration;
			buildSettings = {
				ALWAYS_SEARCH_USER_PATHS = NO;
				CLANG_ANALYZER_NONNULL = YES;
				CLANG_ANALYZER_NUMBER_OBJECT_CONVERSION = YES_AGGRESSIVE;
				CLANG_CXX_LANGUAGE_STANDARD = "gnu++17";
				CLANG_CXX_LIBRARY = "libc++";
				CLANG_ENABLE_MODULES = YES;
				CLANG_ENABLE_OBJC_ARC = YES;
				CLANG_ENABLE_OBJC_WEAK = YES;
				CLANG_WARN_BLOCK_CAPTURE_AUTORELEASING = YES;
				CLANG_WARN_BOOL_CONVERSION = YES;
				CLANG_WARN_COMMA = YES;
				CLANG_WARN_CONSTANT_CONVERSION = YES;
				CLANG_WARN_DEPRECATED_OBJC_IMPLEMENTATIONS = YES;
				CLANG_WARN_DIRECT_OBJC_ISA_USAGE = YES_ERROR;
				CLANG_WARN_DOCUMENTATION_COMMENTS = YES;
				CLANG_WARN_EMPTY_BODY = YES;
				CLANG_WARN_ENUM_CONVERSION = YES;
				CLANG_WARN_INFINITE_RECURSION = YES;
				CLANG_WARN_INT_CONVERSION = YES;
				CLANG_WARN_NON_LITERAL_NULL_CONVERSION = YES;
				CLANG_WARN_OBJC_IMPLICIT_RETAIN_SELF = YES;
				CLANG_WARN_OBJC_LITERAL_CONVERSION = YES;
				CLANG_WARN_OBJC_ROOT_CLASS = YES_ERROR;
				CLANG_WARN_QUOTED_INCLUDE_IN_FRAMEWORK_HEADER = YES;
				CLANG_WARN_RANGE_LOOP_ANALYSIS = YES;
				CLANG_WARN_STRICT_PROTOTYPES = YES;
				CLANG_WARN_SUSPICIOUS_MOVE = YES;
				CLANG_WARN_UNGUARDED_AVAILABILITY = YES_AGGRESSIVE;
				CLANG_WARN_UNREACHABLE_CODE = YES;
				CLANG_WARN__DUPLICATE_METHOD_MATCH = YES;
				COPY_PHASE_STRIP = NO;
				DEBUG_INFORMATION_FORMAT = dwarf;
				ENABLE_STRICT_OBJC_MSGSEND = YES;
				ENABLE_TESTABILITY = YES;
				GCC_C_LANGUAGE_STANDARD = gnu11;
				GCC_DYNAMIC_NO_PIC = NO;
				GCC_NO_COMMON_BLOCKS = YES;
				GCC_OPTIMIZATION_LEVEL = 0;
				GCC_PREPROCESSOR_DEFINITIONS = (
					"DEBUG=1",
					"$(inherited)",
				);
				GCC_WARN_64_TO_32_BIT_CONVERSION = YES;
				GCC_WARN_ABOUT_RETURN_TYPE = YES_ERROR;
				GCC_WARN_UNDECLARED_SELECTOR = YES;
				GCC_WARN_UNINITIALIZED_AUTOS = YES_AGGRESSIVE;
				GCC_WARN_UNUSED_FUNCTION = YES;
				GCC_WARN_UNUSED_VARIABLE = YES;
				IPHONEOS_DEPLOYMENT_TARGET = 15.0;
				MTL_ENABLE_DEBUG_INFO = INCLUDE_SOURCE;
				MTL_FAST_MATH = YES;
				ONLY_ACTIVE_ARCH = YES;
				SDKROOT = iphoneos;
				SWIFT_ACTIVE_COMPILATION_CONDITIONS = DEBUG;
				SWIFT_OPTIMIZATION_LEVEL = "-Onone";
			};
			name = Debug;
		};
		53E9125C27527BD000710D4C /* Release */ = {
			isa = XCBuildConfiguration;
			buildSettings = {
				ALWAYS_SEARCH_USER_PATHS = NO;
				CLANG_ANALYZER_NONNULL = YES;
				CLANG_ANALYZER_NUMBER_OBJECT_CONVERSION = YES_AGGRESSIVE;
				CLANG_CXX_LANGUAGE_STANDARD = "gnu++17";
				CLANG_CXX_LIBRARY = "libc++";
				CLANG_ENABLE_MODULES = YES;
				CLANG_ENABLE_OBJC_ARC = YES;
				CLANG_ENABLE_OBJC_WEAK = YES;
				CLANG_WARN_BLOCK_CAPTURE_AUTORELEASING = YES;
				CLANG_WARN_BOOL_CONVERSION = YES;
				CLANG_WARN_COMMA = YES;
				CLANG_WARN_CONSTANT_CONVERSION = YES;
				CLANG_WARN_DEPRECATED_OBJC_IMPLEMENTATIONS = YES;
				CLANG_WARN_DIRECT_OBJC_ISA_USAGE = YES_ERROR;
				CLANG_WARN_DOCUMENTATION_COMMENTS = YES;
				CLANG_WARN_EMPTY_BODY = YES;
				CLANG_WARN_ENUM_CONVERSION = YES;
				CLANG_WARN_INFINITE_RECURSION = YES;
				CLANG_WARN_INT_CONVERSION = YES;
				CLANG_WARN_NON_LITERAL_NULL_CONVERSION = YES;
				CLANG_WARN_OBJC_IMPLICIT_RETAIN_SELF = YES;
				CLANG_WARN_OBJC_LITERAL_CONVERSION = YES;
				CLANG_WARN_OBJC_ROOT_CLASS = YES_ERROR;
				CLANG_WARN_QUOTED_INCLUDE_IN_FRAMEWORK_HEADER = YES;
				CLANG_WARN_RANGE_LOOP_ANALYSIS = YES;
				CLANG_WARN_STRICT_PROTOTYPES = YES;
				CLANG_WARN_SUSPICIOUS_MOVE = YES;
				CLANG_WARN_UNGUARDED_AVAILABILITY = YES_AGGRESSIVE;
				CLANG_WARN_UNREACHABLE_CODE = YES;
				CLANG_WARN__DUPLICATE_METHOD_MATCH = YES;
				COPY_PHASE_STRIP = NO;
				DEBUG_INFORMATION_FORMAT = "dwarf-with-dsym";
				ENABLE_NS_ASSERTIONS = NO;
				ENABLE_STRICT_OBJC_MSGSEND = YES;
				GCC_C_LANGUAGE_STANDARD = gnu11;
				GCC_NO_COMMON_BLOCKS = YES;
				GCC_WARN_64_TO_32_BIT_CONVERSION = YES;
				GCC_WARN_ABOUT_RETURN_TYPE = YES_ERROR;
				GCC_WARN_UNDECLARED_SELECTOR = YES;
				GCC_WARN_UNINITIALIZED_AUTOS = YES_AGGRESSIVE;
				GCC_WARN_UNUSED_FUNCTION = YES;
				GCC_WARN_UNUSED_VARIABLE = YES;
				IPHONEOS_DEPLOYMENT_TARGET = 15.0;
				MTL_ENABLE_DEBUG_INFO = NO;
				MTL_FAST_MATH = YES;
				SDKROOT = iphoneos;
				SWIFT_COMPILATION_MODE = wholemodule;
				SWIFT_OPTIMIZATION_LEVEL = "-O";
				VALIDATE_PRODUCT = YES;
			};
			name = Release;
		};
		53E9125E27527BD000710D4C /* Debug */ = {
			isa = XCBuildConfiguration;
			buildSettings = {
				ALWAYS_EMBED_SWIFT_STANDARD_LIBRARIES = YES;
				ASSETCATALOG_COMPILER_APPICON_NAME = AppIcon;
				ASSETCATALOG_COMPILER_GLOBAL_ACCENT_COLOR_NAME = AccentColor;
				CODE_SIGN_ENTITLEMENTS = MedTracker/Resources/MedTracker.entitlements;
				CODE_SIGN_STYLE = Automatic;
				CURRENT_PROJECT_VERSION = 1;
				DEVELOPMENT_ASSET_PATHS = "\"MedTracker/Preview Content\"";
				DEVELOPMENT_TEAM = Q96RZM5NAK;
				ENABLE_PREVIEWS = YES;
				GENERATE_INFOPLIST_FILE = YES;
				INFOPLIST_FILE = MedTracker/Info.plist;
				INFOPLIST_KEY_UIApplicationSceneManifest_Generation = YES;
				INFOPLIST_KEY_UIApplicationSupportsIndirectInputEvents = YES;
				INFOPLIST_KEY_UILaunchScreen_Generation = YES;
				INFOPLIST_KEY_UISupportedInterfaceOrientations_iPad = "UIInterfaceOrientationPortrait UIInterfaceOrientationPortraitUpsideDown UIInterfaceOrientationLandscapeLeft UIInterfaceOrientationLandscapeRight";
				INFOPLIST_KEY_UISupportedInterfaceOrientations_iPhone = "UIInterfaceOrientationPortrait UIInterfaceOrientationLandscapeLeft UIInterfaceOrientationLandscapeRight";
				IPHONEOS_DEPLOYMENT_TARGET = 15.0;
				LD_RUNPATH_SEARCH_PATHS = (
					"$(inherited)",
					"@executable_path/Frameworks",
				);
				MARKETING_VERSION = 1.0;
				PRODUCT_BUNDLE_IDENTIFIER = com.joshfreed.MedTracker;
				PRODUCT_NAME = "$(TARGET_NAME)";
				SWIFT_EMIT_LOC_STRINGS = YES;
				SWIFT_VERSION = 5.0;
				TARGETED_DEVICE_FAMILY = "1,2";
			};
			name = Debug;
		};
		53E9125F27527BD000710D4C /* Release */ = {
			isa = XCBuildConfiguration;
			buildSettings = {
				ALWAYS_EMBED_SWIFT_STANDARD_LIBRARIES = YES;
				ASSETCATALOG_COMPILER_APPICON_NAME = AppIcon;
				ASSETCATALOG_COMPILER_GLOBAL_ACCENT_COLOR_NAME = AccentColor;
				CODE_SIGN_ENTITLEMENTS = MedTracker/Resources/MedTrackerRelease.entitlements;
				CODE_SIGN_STYLE = Automatic;
				CURRENT_PROJECT_VERSION = 1;
				DEVELOPMENT_ASSET_PATHS = "\"MedTracker/Preview Content\"";
				DEVELOPMENT_TEAM = Q96RZM5NAK;
				ENABLE_PREVIEWS = YES;
				GENERATE_INFOPLIST_FILE = YES;
				INFOPLIST_FILE = MedTracker/Info.plist;
				INFOPLIST_KEY_UIApplicationSceneManifest_Generation = YES;
				INFOPLIST_KEY_UIApplicationSupportsIndirectInputEvents = YES;
				INFOPLIST_KEY_UILaunchScreen_Generation = YES;
				INFOPLIST_KEY_UISupportedInterfaceOrientations_iPad = "UIInterfaceOrientationPortrait UIInterfaceOrientationPortraitUpsideDown UIInterfaceOrientationLandscapeLeft UIInterfaceOrientationLandscapeRight";
				INFOPLIST_KEY_UISupportedInterfaceOrientations_iPhone = "UIInterfaceOrientationPortrait UIInterfaceOrientationLandscapeLeft UIInterfaceOrientationLandscapeRight";
				IPHONEOS_DEPLOYMENT_TARGET = 15.0;
				LD_RUNPATH_SEARCH_PATHS = (
					"$(inherited)",
					"@executable_path/Frameworks",
				);
				MARKETING_VERSION = 1.0;
				PRODUCT_BUNDLE_IDENTIFIER = com.joshfreed.MedTracker;
				PRODUCT_NAME = "$(TARGET_NAME)";
				SWIFT_EMIT_LOC_STRINGS = YES;
				SWIFT_VERSION = 5.0;
				TARGETED_DEVICE_FAMILY = "1,2";
			};
			name = Release;
		};
		53E9126127527BD000710D4C /* Debug */ = {
			isa = XCBuildConfiguration;
			buildSettings = {
				ALWAYS_EMBED_SWIFT_STANDARD_LIBRARIES = YES;
				BUNDLE_LOADER = "$(TEST_HOST)";
				CODE_SIGN_STYLE = Automatic;
				CURRENT_PROJECT_VERSION = 1;
				DEVELOPMENT_TEAM = MKZS4JTX63;
				GENERATE_INFOPLIST_FILE = YES;
				IPHONEOS_DEPLOYMENT_TARGET = 15.0;
				LD_RUNPATH_SEARCH_PATHS = (
					"$(inherited)",
					"@executable_path/Frameworks",
					"@loader_path/Frameworks",
				);
				MARKETING_VERSION = 1.0;
				PRODUCT_BUNDLE_IDENTIFIER = com.joshfreed.MedTrackerTests;
				PRODUCT_NAME = "$(TARGET_NAME)";
				SWIFT_EMIT_LOC_STRINGS = NO;
				SWIFT_VERSION = 5.0;
				TARGETED_DEVICE_FAMILY = "1,2";
				TEST_HOST = "$(BUILT_PRODUCTS_DIR)/MedTracker.app/MedTracker";
			};
			name = Debug;
		};
		53E9126227527BD000710D4C /* Release */ = {
			isa = XCBuildConfiguration;
			buildSettings = {
				ALWAYS_EMBED_SWIFT_STANDARD_LIBRARIES = YES;
				BUNDLE_LOADER = "$(TEST_HOST)";
				CODE_SIGN_STYLE = Automatic;
				CURRENT_PROJECT_VERSION = 1;
				DEVELOPMENT_TEAM = MKZS4JTX63;
				GENERATE_INFOPLIST_FILE = YES;
				IPHONEOS_DEPLOYMENT_TARGET = 15.0;
				LD_RUNPATH_SEARCH_PATHS = (
					"$(inherited)",
					"@executable_path/Frameworks",
					"@loader_path/Frameworks",
				);
				MARKETING_VERSION = 1.0;
				PRODUCT_BUNDLE_IDENTIFIER = com.joshfreed.MedTrackerTests;
				PRODUCT_NAME = "$(TARGET_NAME)";
				SWIFT_EMIT_LOC_STRINGS = NO;
				SWIFT_VERSION = 5.0;
				TARGETED_DEVICE_FAMILY = "1,2";
				TEST_HOST = "$(BUILT_PRODUCTS_DIR)/MedTracker.app/MedTracker";
			};
			name = Release;
		};
		53E9126427527BD000710D4C /* Debug */ = {
			isa = XCBuildConfiguration;
			buildSettings = {
				ALWAYS_EMBED_SWIFT_STANDARD_LIBRARIES = YES;
				CODE_SIGN_STYLE = Automatic;
				CURRENT_PROJECT_VERSION = 1;
				DEVELOPMENT_TEAM = MKZS4JTX63;
				GENERATE_INFOPLIST_FILE = YES;
				LD_RUNPATH_SEARCH_PATHS = (
					"$(inherited)",
					"@executable_path/Frameworks",
					"@loader_path/Frameworks",
				);
				MARKETING_VERSION = 1.0;
				PRODUCT_BUNDLE_IDENTIFIER = com.joshfreed.MedTrackerUITests;
				PRODUCT_NAME = "$(TARGET_NAME)";
				SWIFT_EMIT_LOC_STRINGS = NO;
				SWIFT_VERSION = 5.0;
				TARGETED_DEVICE_FAMILY = "1,2";
				TEST_TARGET_NAME = MedTracker;
			};
			name = Debug;
		};
		53E9126527527BD000710D4C /* Release */ = {
			isa = XCBuildConfiguration;
			buildSettings = {
				ALWAYS_EMBED_SWIFT_STANDARD_LIBRARIES = YES;
				CODE_SIGN_STYLE = Automatic;
				CURRENT_PROJECT_VERSION = 1;
				DEVELOPMENT_TEAM = MKZS4JTX63;
				GENERATE_INFOPLIST_FILE = YES;
				LD_RUNPATH_SEARCH_PATHS = (
					"$(inherited)",
					"@executable_path/Frameworks",
					"@loader_path/Frameworks",
				);
				MARKETING_VERSION = 1.0;
				PRODUCT_BUNDLE_IDENTIFIER = com.joshfreed.MedTrackerUITests;
				PRODUCT_NAME = "$(TARGET_NAME)";
				SWIFT_EMIT_LOC_STRINGS = NO;
				SWIFT_VERSION = 5.0;
				TARGETED_DEVICE_FAMILY = "1,2";
				TEST_TARGET_NAME = MedTracker;
			};
			name = Release;
		};
/* End XCBuildConfiguration section */

/* Begin XCConfigurationList section */
		53167539275C202500CE3753 /* Build configuration list for PBXNativeTarget "AppIntentsUI" */ = {
			isa = XCConfigurationList;
			buildConfigurations = (
				5316753A275C202500CE3753 /* Debug */,
				5316753B275C202500CE3753 /* Release */,
			);
			defaultConfigurationIsVisible = 0;
			defaultConfigurationName = Release;
		};
		5316753C275C202500CE3753 /* Build configuration list for PBXNativeTarget "AppIntents" */ = {
			isa = XCConfigurationList;
			buildConfigurations = (
				5316753D275C202500CE3753 /* Debug */,
				5316753E275C202500CE3753 /* Release */,
			);
			defaultConfigurationIsVisible = 0;
			defaultConfigurationName = Release;
		};
		53A35FC92778C7C500D12C8C /* Build configuration list for PBXNativeTarget "AppWidgetsExtension" */ = {
			isa = XCConfigurationList;
			buildConfigurations = (
				53A35FC72778C7C500D12C8C /* Debug */,
				53A35FC82778C7C500D12C8C /* Release */,
			);
			defaultConfigurationIsVisible = 0;
			defaultConfigurationName = Release;
		};
		53E9123427527BCE00710D4C /* Build configuration list for PBXProject "MedTracker" */ = {
			isa = XCConfigurationList;
			buildConfigurations = (
				53E9125B27527BD000710D4C /* Debug */,
				53E9125C27527BD000710D4C /* Release */,
			);
			defaultConfigurationIsVisible = 0;
			defaultConfigurationName = Release;
		};
		53E9125D27527BD000710D4C /* Build configuration list for PBXNativeTarget "MedTracker" */ = {
			isa = XCConfigurationList;
			buildConfigurations = (
				53E9125E27527BD000710D4C /* Debug */,
				53E9125F27527BD000710D4C /* Release */,
			);
			defaultConfigurationIsVisible = 0;
			defaultConfigurationName = Release;
		};
		53E9126027527BD000710D4C /* Build configuration list for PBXNativeTarget "MedTrackerTests" */ = {
			isa = XCConfigurationList;
			buildConfigurations = (
				53E9126127527BD000710D4C /* Debug */,
				53E9126227527BD000710D4C /* Release */,
			);
			defaultConfigurationIsVisible = 0;
			defaultConfigurationName = Release;
		};
		53E9126327527BD000710D4C /* Build configuration list for PBXNativeTarget "MedTrackerUITests" */ = {
			isa = XCConfigurationList;
			buildConfigurations = (
				53E9126427527BD000710D4C /* Debug */,
				53E9126527527BD000710D4C /* Release */,
			);
			defaultConfigurationIsVisible = 0;
			defaultConfigurationName = Release;
		};
/* End XCConfigurationList section */

/* Begin XCRemoteSwiftPackageReference section */
		53D3A8042756DBC50090B266 /* XCRemoteSwiftPackageReference "JFLib" */ = {
			isa = XCRemoteSwiftPackageReference;
			repositoryURL = "https://github.com/joshfreed/JFLib";
			requirement = {
				branch = main;
				kind = branch;
			};
		};
		53F409C7275A6F3600AECAEB /* XCRemoteSwiftPackageReference "Dip" */ = {
			isa = XCRemoteSwiftPackageReference;
			repositoryURL = "https://github.com/AliSoftware/Dip";
			requirement = {
				kind = upToNextMajorVersion;
				minimumVersion = 7.0.0;
			};
		};
/* End XCRemoteSwiftPackageReference section */

/* Begin XCSwiftPackageProductDependency section */
		5329EE932757E4CA00AB058F /* JFLib.Mediator */ = {
			isa = XCSwiftPackageProductDependency;
			package = 53D3A8042756DBC50090B266 /* XCRemoteSwiftPackageReference "JFLib" */;
			productName = JFLib.Mediator;
		};
		53554B17277F7EB900A7C942 /* CoreDataKit */ = {
			isa = XCSwiftPackageProductDependency;
			productName = CoreDataKit;
		};
		53554B1C277F7FF300A7C942 /* CoreDataKit */ = {
			isa = XCSwiftPackageProductDependency;
			productName = CoreDataKit;
		};
		53554B1E277F7FF900A7C942 /* CoreDataKit */ = {
			isa = XCSwiftPackageProductDependency;
			productName = CoreDataKit;
		};
		53D1C3DB2780CD0600980282 /* MedicationApp */ = {
			isa = XCSwiftPackageProductDependency;
			productName = MedicationApp;
		};
		53D1C3DD2780CD1100980282 /* MedicationApp */ = {
			isa = XCSwiftPackageProductDependency;
			productName = MedicationApp;
		};
		53D1C3DF2780CD1A00980282 /* MedicationApp */ = {
			isa = XCSwiftPackageProductDependency;
			productName = MedicationApp;
		};
		53D3A8052756DBC50090B266 /* JFLib.Services */ = {
			isa = XCSwiftPackageProductDependency;
			package = 53D3A8042756DBC50090B266 /* XCRemoteSwiftPackageReference "JFLib" */;
			productName = JFLib.Services;
		};
		53F409C8275A6F3600AECAEB /* Dip */ = {
			isa = XCSwiftPackageProductDependency;
			package = 53F409C7275A6F3600AECAEB /* XCRemoteSwiftPackageReference "Dip" */;
			productName = Dip;
		};
/* End XCSwiftPackageProductDependency section */
	};
	rootObject = 53E9123127527BCE00710D4C /* Project object */;
}
