// !$*UTF8*$!
{
	archiveVersion = 1;
	classes = {
	};
	objectVersion = 55;
	objects = {

/* Begin PBXBuildFile section */
		53262B5427568443001C6FE9 /* MedicationList.swift in Sources */ = {isa = PBXBuildFile; fileRef = 53262B5327568443001C6FE9 /* MedicationList.swift */; };
		53262B562756849E001C6FE9 /* DailyScheduleViewModel.swift in Sources */ = {isa = PBXBuildFile; fileRef = 53262B552756849E001C6FE9 /* DailyScheduleViewModel.swift */; };
		5329EE942757E4CA00AB058F /* JFLib.Mediator in Frameworks */ = {isa = PBXBuildFile; productRef = 5329EE932757E4CA00AB058F /* JFLib.Mediator */; };
		5329EE9B2757EE1F00AB058F /* DailyScheduleViewModelTests.swift in Sources */ = {isa = PBXBuildFile; fileRef = 5329EE9A2757EE1F00AB058F /* DailyScheduleViewModelTests.swift */; };
		532E765D275840660092AB85 /* MemoryAdministrations.swift in Sources */ = {isa = PBXBuildFile; fileRef = 532E765C275840660092AB85 /* MemoryAdministrations.swift */; };
		532E7660275915100092AB85 /* MedicationPromptView.swift in Sources */ = {isa = PBXBuildFile; fileRef = 532E765F275915100092AB85 /* MedicationPromptView.swift */; };
		532E7662275915A40092AB85 /* AdministrationRecordedView.swift in Sources */ = {isa = PBXBuildFile; fileRef = 532E7661275915A40092AB85 /* AdministrationRecordedView.swift */; };
		532E7664275920190092AB85 /* DailyMedicationView.swift in Sources */ = {isa = PBXBuildFile; fileRef = 532E7663275920190092AB85 /* DailyMedicationView.swift */; };
		532E7668275921CC0092AB85 /* CardViewModifier.swift in Sources */ = {isa = PBXBuildFile; fileRef = 532E7667275921CC0092AB85 /* CardViewModifier.swift */; };
		53D3A7FD2756CEF80090B266 /* MedTrackerBiz in Frameworks */ = {isa = PBXBuildFile; productRef = 53D3A7FC2756CEF80090B266 /* MedTrackerBiz */; };
		53D3A8032756DA910090B266 /* MemoryMedications.swift in Sources */ = {isa = PBXBuildFile; fileRef = 53D3A8022756DA910090B266 /* MemoryMedications.swift */; };
		53D3A8062756DBC50090B266 /* JFLib.Services in Frameworks */ = {isa = PBXBuildFile; productRef = 53D3A8052756DBC50090B266 /* JFLib.Services */; };
		53E9123D27527BCE00710D4C /* MedTrackerApp.swift in Sources */ = {isa = PBXBuildFile; fileRef = 53E9123C27527BCE00710D4C /* MedTrackerApp.swift */; };
		53E9124127527BD000710D4C /* Assets.xcassets in Resources */ = {isa = PBXBuildFile; fileRef = 53E9124027527BD000710D4C /* Assets.xcassets */; };
		53E9124427527BD000710D4C /* Preview Assets.xcassets in Resources */ = {isa = PBXBuildFile; fileRef = 53E9124327527BD000710D4C /* Preview Assets.xcassets */; };
		53E9125827527BD000710D4C /* MedTrackerUITests.swift in Sources */ = {isa = PBXBuildFile; fileRef = 53E9125727527BD000710D4C /* MedTrackerUITests.swift */; };
		53E9125A27527BD000710D4C /* MedTrackerUITestsLaunchTests.swift in Sources */ = {isa = PBXBuildFile; fileRef = 53E9125927527BD000710D4C /* MedTrackerUITestsLaunchTests.swift */; };
		53E9126827543A9000710D4C /* MedicationCard.swift in Sources */ = {isa = PBXBuildFile; fileRef = 53E9126727543A9000710D4C /* MedicationCard.swift */; };
		53E9126A27543CF100710D4C /* ScheduleSlotView.swift in Sources */ = {isa = PBXBuildFile; fileRef = 53E9126927543CF100710D4C /* ScheduleSlotView.swift */; };
		53E9126C27543E7900710D4C /* DailyScheduleView.swift in Sources */ = {isa = PBXBuildFile; fileRef = 53E9126B27543E7900710D4C /* DailyScheduleView.swift */; };
/* End PBXBuildFile section */

/* Begin PBXContainerItemProxy section */
		53E9124A27527BD000710D4C /* PBXContainerItemProxy */ = {
			isa = PBXContainerItemProxy;
			containerPortal = 53E9123127527BCE00710D4C /* Project object */;
			proxyType = 1;
			remoteGlobalIDString = 53E9123827527BCE00710D4C;
			remoteInfo = MedTracker;
		};
		53E9125427527BD000710D4C /* PBXContainerItemProxy */ = {
			isa = PBXContainerItemProxy;
			containerPortal = 53E9123127527BCE00710D4C /* Project object */;
			proxyType = 1;
			remoteGlobalIDString = 53E9123827527BCE00710D4C;
			remoteInfo = MedTracker;
		};
/* End PBXContainerItemProxy section */

/* Begin PBXFileReference section */
		53262B5327568443001C6FE9 /* MedicationList.swift */ = {isa = PBXFileReference; lastKnownFileType = sourcecode.swift; path = MedicationList.swift; sourceTree = "<group>"; };
		53262B552756849E001C6FE9 /* DailyScheduleViewModel.swift */ = {isa = PBXFileReference; lastKnownFileType = sourcecode.swift; path = DailyScheduleViewModel.swift; sourceTree = "<group>"; };
		5329EE9A2757EE1F00AB058F /* DailyScheduleViewModelTests.swift */ = {isa = PBXFileReference; lastKnownFileType = sourcecode.swift; path = DailyScheduleViewModelTests.swift; sourceTree = "<group>"; };
		532E765C275840660092AB85 /* MemoryAdministrations.swift */ = {isa = PBXFileReference; lastKnownFileType = sourcecode.swift; path = MemoryAdministrations.swift; sourceTree = "<group>"; };
		532E765F275915100092AB85 /* MedicationPromptView.swift */ = {isa = PBXFileReference; lastKnownFileType = sourcecode.swift; path = MedicationPromptView.swift; sourceTree = "<group>"; };
		532E7661275915A40092AB85 /* AdministrationRecordedView.swift */ = {isa = PBXFileReference; lastKnownFileType = sourcecode.swift; path = AdministrationRecordedView.swift; sourceTree = "<group>"; };
		532E7663275920190092AB85 /* DailyMedicationView.swift */ = {isa = PBXFileReference; lastKnownFileType = sourcecode.swift; path = DailyMedicationView.swift; sourceTree = "<group>"; };
		532E7667275921CC0092AB85 /* CardViewModifier.swift */ = {isa = PBXFileReference; lastKnownFileType = sourcecode.swift; path = CardViewModifier.swift; sourceTree = "<group>"; };
		53D3A7FA2756CE4F0090B266 /* MedTrackerBiz */ = {isa = PBXFileReference; lastKnownFileType = folder; name = MedTrackerBiz; path = ../MedTrackerBiz; sourceTree = "<group>"; };
		53D3A8022756DA910090B266 /* MemoryMedications.swift */ = {isa = PBXFileReference; fileEncoding = 4; lastKnownFileType = sourcecode.swift; path = MemoryMedications.swift; sourceTree = "<group>"; };
		53E9123927527BCE00710D4C /* MedTracker.app */ = {isa = PBXFileReference; explicitFileType = wrapper.application; includeInIndex = 0; path = MedTracker.app; sourceTree = BUILT_PRODUCTS_DIR; };
		53E9123C27527BCE00710D4C /* MedTrackerApp.swift */ = {isa = PBXFileReference; lastKnownFileType = sourcecode.swift; path = MedTrackerApp.swift; sourceTree = "<group>"; };
		53E9124027527BD000710D4C /* Assets.xcassets */ = {isa = PBXFileReference; lastKnownFileType = folder.assetcatalog; path = Assets.xcassets; sourceTree = "<group>"; };
		53E9124327527BD000710D4C /* Preview Assets.xcassets */ = {isa = PBXFileReference; lastKnownFileType = folder.assetcatalog; path = "Preview Assets.xcassets"; sourceTree = "<group>"; };
		53E9124927527BD000710D4C /* MedTrackerTests.xctest */ = {isa = PBXFileReference; explicitFileType = wrapper.cfbundle; includeInIndex = 0; path = MedTrackerTests.xctest; sourceTree = BUILT_PRODUCTS_DIR; };
		53E9125327527BD000710D4C /* MedTrackerUITests.xctest */ = {isa = PBXFileReference; explicitFileType = wrapper.cfbundle; includeInIndex = 0; path = MedTrackerUITests.xctest; sourceTree = BUILT_PRODUCTS_DIR; };
		53E9125727527BD000710D4C /* MedTrackerUITests.swift */ = {isa = PBXFileReference; lastKnownFileType = sourcecode.swift; path = MedTrackerUITests.swift; sourceTree = "<group>"; };
		53E9125927527BD000710D4C /* MedTrackerUITestsLaunchTests.swift */ = {isa = PBXFileReference; lastKnownFileType = sourcecode.swift; path = MedTrackerUITestsLaunchTests.swift; sourceTree = "<group>"; };
		53E9126727543A9000710D4C /* MedicationCard.swift */ = {isa = PBXFileReference; lastKnownFileType = sourcecode.swift; path = MedicationCard.swift; sourceTree = "<group>"; };
		53E9126927543CF100710D4C /* ScheduleSlotView.swift */ = {isa = PBXFileReference; lastKnownFileType = sourcecode.swift; path = ScheduleSlotView.swift; sourceTree = "<group>"; };
		53E9126B27543E7900710D4C /* DailyScheduleView.swift */ = {isa = PBXFileReference; lastKnownFileType = sourcecode.swift; path = DailyScheduleView.swift; sourceTree = "<group>"; };
/* End PBXFileReference section */

/* Begin PBXFrameworksBuildPhase section */
		53E9123627527BCE00710D4C /* Frameworks */ = {
			isa = PBXFrameworksBuildPhase;
			buildActionMask = 2147483647;
			files = (
				53D3A7FD2756CEF80090B266 /* MedTrackerBiz in Frameworks */,
				5329EE942757E4CA00AB058F /* JFLib.Mediator in Frameworks */,
				53D3A8062756DBC50090B266 /* JFLib.Services in Frameworks */,
			);
			runOnlyForDeploymentPostprocessing = 0;
		};
		53E9124627527BD000710D4C /* Frameworks */ = {
			isa = PBXFrameworksBuildPhase;
			buildActionMask = 2147483647;
			files = (
			);
			runOnlyForDeploymentPostprocessing = 0;
		};
		53E9125027527BD000710D4C /* Frameworks */ = {
			isa = PBXFrameworksBuildPhase;
			buildActionMask = 2147483647;
			files = (
			);
			runOnlyForDeploymentPostprocessing = 0;
		};
/* End PBXFrameworksBuildPhase section */

/* Begin PBXGroup section */
		53262B5227568407001C6FE9 /* DailySchedule */ = {
			isa = PBXGroup;
			children = (
				532E765E2759142C0092AB85 /* MedicationStates */,
				53262B552756849E001C6FE9 /* DailyScheduleViewModel.swift */,
				53E9126B27543E7900710D4C /* DailyScheduleView.swift */,
				53262B5327568443001C6FE9 /* MedicationList.swift */,
				53E9126727543A9000710D4C /* MedicationCard.swift */,
				53E9126927543CF100710D4C /* ScheduleSlotView.swift */,
			);
			path = DailySchedule;
			sourceTree = "<group>";
		};
		5329EE992757EE0E00AB058F /* DailySchedule */ = {
			isa = PBXGroup;
			children = (
				5329EE9A2757EE1F00AB058F /* DailyScheduleViewModelTests.swift */,
			);
			path = DailySchedule;
			sourceTree = "<group>";
		};
		532E765E2759142C0092AB85 /* MedicationStates */ = {
			isa = PBXGroup;
			children = (
				532E765F275915100092AB85 /* MedicationPromptView.swift */,
				532E7661275915A40092AB85 /* AdministrationRecordedView.swift */,
				532E7663275920190092AB85 /* DailyMedicationView.swift */,
			);
			path = MedicationStates;
			sourceTree = "<group>";
		};
		532E7665275921B10092AB85 /* Shared */ = {
			isa = PBXGroup;
			children = (
				532E7666275921BA0092AB85 /* Card */,
			);
			path = Shared;
			sourceTree = "<group>";
		};
		532E7666275921BA0092AB85 /* Card */ = {
			isa = PBXGroup;
			children = (
				532E7667275921CC0092AB85 /* CardViewModifier.swift */,
			);
			path = Card;
			sourceTree = "<group>";
		};
		53D3A7F92756CE4F0090B266 /* Packages */ = {
			isa = PBXGroup;
			children = (
				53D3A7FA2756CE4F0090B266 /* MedTrackerBiz */,
			);
			name = Packages;
			sourceTree = "<group>";
		};
		53D3A7FB2756CEF80090B266 /* Frameworks */ = {
			isa = PBXGroup;
			children = (
			);
			name = Frameworks;
			sourceTree = "<group>";
		};
		53D3A7FE2756DA450090B266 /* Infrastructure */ = {
			isa = PBXGroup;
			children = (
				53D3A7FF2756DA720090B266 /* Persistence */,
			);
			path = Infrastructure;
			sourceTree = "<group>";
		};
		53D3A7FF2756DA720090B266 /* Persistence */ = {
			isa = PBXGroup;
			children = (
				53D3A8012756DA800090B266 /* CoreData */,
				53D3A8002756DA7A0090B266 /* Memory */,
			);
			path = Persistence;
			sourceTree = "<group>";
		};
		53D3A8002756DA7A0090B266 /* Memory */ = {
			isa = PBXGroup;
			children = (
				53D3A8022756DA910090B266 /* MemoryMedications.swift */,
				532E765C275840660092AB85 /* MemoryAdministrations.swift */,
			);
			path = Memory;
			sourceTree = "<group>";
		};
		53D3A8012756DA800090B266 /* CoreData */ = {
			isa = PBXGroup;
			children = (
			);
			path = CoreData;
			sourceTree = "<group>";
		};
		53E9123027527BCE00710D4C = {
			isa = PBXGroup;
			children = (
				53E9123B27527BCE00710D4C /* MedTracker */,
				53E9124C27527BD000710D4C /* MedTrackerTests */,
				53E9125627527BD000710D4C /* MedTrackerUITests */,
				53D3A7FE2756DA450090B266 /* Infrastructure */,
				53D3A7F92756CE4F0090B266 /* Packages */,
				53E9123A27527BCE00710D4C /* Products */,
				53D3A7FB2756CEF80090B266 /* Frameworks */,
			);
			sourceTree = "<group>";
		};
		53E9123A27527BCE00710D4C /* Products */ = {
			isa = PBXGroup;
			children = (
				53E9123927527BCE00710D4C /* MedTracker.app */,
				53E9124927527BD000710D4C /* MedTrackerTests.xctest */,
				53E9125327527BD000710D4C /* MedTrackerUITests.xctest */,
			);
			name = Products;
			sourceTree = "<group>";
		};
		53E9123B27527BCE00710D4C /* MedTracker */ = {
			isa = PBXGroup;
			children = (
				532E7665275921B10092AB85 /* Shared */,
				53262B5227568407001C6FE9 /* DailySchedule */,
				53E9123C27527BCE00710D4C /* MedTrackerApp.swift */,
				53E9124027527BD000710D4C /* Assets.xcassets */,
				53E9124227527BD000710D4C /* Preview Content */,
			);
			path = MedTracker;
			sourceTree = "<group>";
		};
		53E9124227527BD000710D4C /* Preview Content */ = {
			isa = PBXGroup;
			children = (
				53E9124327527BD000710D4C /* Preview Assets.xcassets */,
			);
			path = "Preview Content";
			sourceTree = "<group>";
		};
		53E9124C27527BD000710D4C /* MedTrackerTests */ = {
			isa = PBXGroup;
			children = (
				5329EE992757EE0E00AB058F /* DailySchedule */,
			);
			path = MedTrackerTests;
			sourceTree = "<group>";
		};
		53E9125627527BD000710D4C /* MedTrackerUITests */ = {
			isa = PBXGroup;
			children = (
				53E9125727527BD000710D4C /* MedTrackerUITests.swift */,
				53E9125927527BD000710D4C /* MedTrackerUITestsLaunchTests.swift */,
			);
			path = MedTrackerUITests;
			sourceTree = "<group>";
		};
/* End PBXGroup section */

/* Begin PBXNativeTarget section */
		53E9123827527BCE00710D4C /* MedTracker */ = {
			isa = PBXNativeTarget;
			buildConfigurationList = 53E9125D27527BD000710D4C /* Build configuration list for PBXNativeTarget "MedTracker" */;
			buildPhases = (
				53E9123527527BCE00710D4C /* Sources */,
				53E9123627527BCE00710D4C /* Frameworks */,
				53E9123727527BCE00710D4C /* Resources */,
			);
			buildRules = (
			);
			dependencies = (
			);
			name = MedTracker;
			packageProductDependencies = (
				53D3A7FC2756CEF80090B266 /* MedTrackerBiz */,
				53D3A8052756DBC50090B266 /* JFLib.Services */,
				5329EE932757E4CA00AB058F /* JFLib.Mediator */,
			);
			productName = MedTracker;
			productReference = 53E9123927527BCE00710D4C /* MedTracker.app */;
			productType = "com.apple.product-type.application";
		};
		53E9124827527BD000710D4C /* MedTrackerTests */ = {
			isa = PBXNativeTarget;
			buildConfigurationList = 53E9126027527BD000710D4C /* Build configuration list for PBXNativeTarget "MedTrackerTests" */;
			buildPhases = (
				53E9124527527BD000710D4C /* Sources */,
				53E9124627527BD000710D4C /* Frameworks */,
				53E9124727527BD000710D4C /* Resources */,
			);
			buildRules = (
			);
			dependencies = (
				53E9124B27527BD000710D4C /* PBXTargetDependency */,
			);
			name = MedTrackerTests;
			productName = MedTrackerTests;
			productReference = 53E9124927527BD000710D4C /* MedTrackerTests.xctest */;
			productType = "com.apple.product-type.bundle.unit-test";
		};
		53E9125227527BD000710D4C /* MedTrackerUITests */ = {
			isa = PBXNativeTarget;
			buildConfigurationList = 53E9126327527BD000710D4C /* Build configuration list for PBXNativeTarget "MedTrackerUITests" */;
			buildPhases = (
				53E9124F27527BD000710D4C /* Sources */,
				53E9125027527BD000710D4C /* Frameworks */,
				53E9125127527BD000710D4C /* Resources */,
			);
			buildRules = (
			);
			dependencies = (
				53E9125527527BD000710D4C /* PBXTargetDependency */,
			);
			name = MedTrackerUITests;
			productName = MedTrackerUITests;
			productReference = 53E9125327527BD000710D4C /* MedTrackerUITests.xctest */;
			productType = "com.apple.product-type.bundle.ui-testing";
		};
/* End PBXNativeTarget section */

/* Begin PBXProject section */
		53E9123127527BCE00710D4C /* Project object */ = {
			isa = PBXProject;
			attributes = {
				BuildIndependentTargetsInParallel = 1;
				LastSwiftUpdateCheck = 1300;
				LastUpgradeCheck = 1300;
				TargetAttributes = {
					53E9123827527BCE00710D4C = {
						CreatedOnToolsVersion = 13.0;
					};
					53E9124827527BD000710D4C = {
						CreatedOnToolsVersion = 13.0;
						TestTargetID = 53E9123827527BCE00710D4C;
					};
					53E9125227527BD000710D4C = {
						CreatedOnToolsVersion = 13.0;
						TestTargetID = 53E9123827527BCE00710D4C;
					};
				};
			};
			buildConfigurationList = 53E9123427527BCE00710D4C /* Build configuration list for PBXProject "MedTracker" */;
			compatibilityVersion = "Xcode 13.0";
			developmentRegion = en;
			hasScannedForEncodings = 0;
			knownRegions = (
				en,
				Base,
			);
			mainGroup = 53E9123027527BCE00710D4C;
			packageReferences = (
				53D3A8042756DBC50090B266 /* XCRemoteSwiftPackageReference "JFLib" */,
			);
			productRefGroup = 53E9123A27527BCE00710D4C /* Products */;
			projectDirPath = "";
			projectRoot = "";
			targets = (
				53E9123827527BCE00710D4C /* MedTracker */,
				53E9124827527BD000710D4C /* MedTrackerTests */,
				53E9125227527BD000710D4C /* MedTrackerUITests */,
			);
		};
/* End PBXProject section */

/* Begin PBXResourcesBuildPhase section */
		53E9123727527BCE00710D4C /* Resources */ = {
			isa = PBXResourcesBuildPhase;
			buildActionMask = 2147483647;
			files = (
				53E9124427527BD000710D4C /* Preview Assets.xcassets in Resources */,
				53E9124127527BD000710D4C /* Assets.xcassets in Resources */,
			);
			runOnlyForDeploymentPostprocessing = 0;
		};
		53E9124727527BD000710D4C /* Resources */ = {
			isa = PBXResourcesBuildPhase;
			buildActionMask = 2147483647;
			files = (
			);
			runOnlyForDeploymentPostprocessing = 0;
		};
		53E9125127527BD000710D4C /* Resources */ = {
			isa = PBXResourcesBuildPhase;
			buildActionMask = 2147483647;
			files = (
			);
			runOnlyForDeploymentPostprocessing = 0;
		};
/* End PBXResourcesBuildPhase section */

/* Begin PBXSourcesBuildPhase section */
		53E9123527527BCE00710D4C /* Sources */ = {
			isa = PBXSourcesBuildPhase;
			buildActionMask = 2147483647;
			files = (
				532E7664275920190092AB85 /* DailyMedicationView.swift in Sources */,
				532E7662275915A40092AB85 /* AdministrationRecordedView.swift in Sources */,
				532E765D275840660092AB85 /* MemoryAdministrations.swift in Sources */,
				53E9123D27527BCE00710D4C /* MedTrackerApp.swift in Sources */,
				532E7660275915100092AB85 /* MedicationPromptView.swift in Sources */,
				53E9126827543A9000710D4C /* MedicationCard.swift in Sources */,
				53E9126A27543CF100710D4C /* ScheduleSlotView.swift in Sources */,
				53262B562756849E001C6FE9 /* DailyScheduleViewModel.swift in Sources */,
				53262B5427568443001C6FE9 /* MedicationList.swift in Sources */,
				532E7668275921CC0092AB85 /* CardViewModifier.swift in Sources */,
				53D3A8032756DA910090B266 /* MemoryMedications.swift in Sources */,
				53E9126C27543E7900710D4C /* DailyScheduleView.swift in Sources */,
			);
			runOnlyForDeploymentPostprocessing = 0;
		};
		53E9124527527BD000710D4C /* Sources */ = {
			isa = PBXSourcesBuildPhase;
			buildActionMask = 2147483647;
			files = (
				5329EE9B2757EE1F00AB058F /* DailyScheduleViewModelTests.swift in Sources */,
			);
			runOnlyForDeploymentPostprocessing = 0;
		};
		53E9124F27527BD000710D4C /* Sources */ = {
			isa = PBXSourcesBuildPhase;
			buildActionMask = 2147483647;
			files = (
				53E9125A27527BD000710D4C /* MedTrackerUITestsLaunchTests.swift in Sources */,
				53E9125827527BD000710D4C /* MedTrackerUITests.swift in Sources */,
			);
			runOnlyForDeploymentPostprocessing = 0;
		};
/* End PBXSourcesBuildPhase section */

/* Begin PBXTargetDependency section */
		53E9124B27527BD000710D4C /* PBXTargetDependency */ = {
			isa = PBXTargetDependency;
			target = 53E9123827527BCE00710D4C /* MedTracker */;
			targetProxy = 53E9124A27527BD000710D4C /* PBXContainerItemProxy */;
		};
		53E9125527527BD000710D4C /* PBXTargetDependency */ = {
			isa = PBXTargetDependency;
			target = 53E9123827527BCE00710D4C /* MedTracker */;
			targetProxy = 53E9125427527BD000710D4C /* PBXContainerItemProxy */;
		};
/* End PBXTargetDependency section */

/* Begin XCBuildConfiguration section */
		53E9125B27527BD000710D4C /* Debug */ = {
			isa = XCBuildConfiguration;
			buildSettings = {
				ALWAYS_SEARCH_USER_PATHS = NO;
				CLANG_ANALYZER_NONNULL = YES;
				CLANG_ANALYZER_NUMBER_OBJECT_CONVERSION = YES_AGGRESSIVE;
				CLANG_CXX_LANGUAGE_STANDARD = "gnu++17";
				CLANG_CXX_LIBRARY = "libc++";
				CLANG_ENABLE_MODULES = YES;
				CLANG_ENABLE_OBJC_ARC = YES;
				CLANG_ENABLE_OBJC_WEAK = YES;
				CLANG_WARN_BLOCK_CAPTURE_AUTORELEASING = YES;
				CLANG_WARN_BOOL_CONVERSION = YES;
				CLANG_WARN_COMMA = YES;
				CLANG_WARN_CONSTANT_CONVERSION = YES;
				CLANG_WARN_DEPRECATED_OBJC_IMPLEMENTATIONS = YES;
				CLANG_WARN_DIRECT_OBJC_ISA_USAGE = YES_ERROR;
				CLANG_WARN_DOCUMENTATION_COMMENTS = YES;
				CLANG_WARN_EMPTY_BODY = YES;
				CLANG_WARN_ENUM_CONVERSION = YES;
				CLANG_WARN_INFINITE_RECURSION = YES;
				CLANG_WARN_INT_CONVERSION = YES;
				CLANG_WARN_NON_LITERAL_NULL_CONVERSION = YES;
				CLANG_WARN_OBJC_IMPLICIT_RETAIN_SELF = YES;
				CLANG_WARN_OBJC_LITERAL_CONVERSION = YES;
				CLANG_WARN_OBJC_ROOT_CLASS = YES_ERROR;
				CLANG_WARN_QUOTED_INCLUDE_IN_FRAMEWORK_HEADER = YES;
				CLANG_WARN_RANGE_LOOP_ANALYSIS = YES;
				CLANG_WARN_STRICT_PROTOTYPES = YES;
				CLANG_WARN_SUSPICIOUS_MOVE = YES;
				CLANG_WARN_UNGUARDED_AVAILABILITY = YES_AGGRESSIVE;
				CLANG_WARN_UNREACHABLE_CODE = YES;
				CLANG_WARN__DUPLICATE_METHOD_MATCH = YES;
				COPY_PHASE_STRIP = NO;
				DEBUG_INFORMATION_FORMAT = dwarf;
				ENABLE_STRICT_OBJC_MSGSEND = YES;
				ENABLE_TESTABILITY = YES;
				GCC_C_LANGUAGE_STANDARD = gnu11;
				GCC_DYNAMIC_NO_PIC = NO;
				GCC_NO_COMMON_BLOCKS = YES;
				GCC_OPTIMIZATION_LEVEL = 0;
				GCC_PREPROCESSOR_DEFINITIONS = (
					"DEBUG=1",
					"$(inherited)",
				);
				GCC_WARN_64_TO_32_BIT_CONVERSION = YES;
				GCC_WARN_ABOUT_RETURN_TYPE = YES_ERROR;
				GCC_WARN_UNDECLARED_SELECTOR = YES;
				GCC_WARN_UNINITIALIZED_AUTOS = YES_AGGRESSIVE;
				GCC_WARN_UNUSED_FUNCTION = YES;
				GCC_WARN_UNUSED_VARIABLE = YES;
				IPHONEOS_DEPLOYMENT_TARGET = 15.0;
				MTL_ENABLE_DEBUG_INFO = INCLUDE_SOURCE;
				MTL_FAST_MATH = YES;
				ONLY_ACTIVE_ARCH = YES;
				SDKROOT = iphoneos;
				SWIFT_ACTIVE_COMPILATION_CONDITIONS = DEBUG;
				SWIFT_OPTIMIZATION_LEVEL = "-Onone";
			};
			name = Debug;
		};
		53E9125C27527BD000710D4C /* Release */ = {
			isa = XCBuildConfiguration;
			buildSettings = {
				ALWAYS_SEARCH_USER_PATHS = NO;
				CLANG_ANALYZER_NONNULL = YES;
				CLANG_ANALYZER_NUMBER_OBJECT_CONVERSION = YES_AGGRESSIVE;
				CLANG_CXX_LANGUAGE_STANDARD = "gnu++17";
				CLANG_CXX_LIBRARY = "libc++";
				CLANG_ENABLE_MODULES = YES;
				CLANG_ENABLE_OBJC_ARC = YES;
				CLANG_ENABLE_OBJC_WEAK = YES;
				CLANG_WARN_BLOCK_CAPTURE_AUTORELEASING = YES;
				CLANG_WARN_BOOL_CONVERSION = YES;
				CLANG_WARN_COMMA = YES;
				CLANG_WARN_CONSTANT_CONVERSION = YES;
				CLANG_WARN_DEPRECATED_OBJC_IMPLEMENTATIONS = YES;
				CLANG_WARN_DIRECT_OBJC_ISA_USAGE = YES_ERROR;
				CLANG_WARN_DOCUMENTATION_COMMENTS = YES;
				CLANG_WARN_EMPTY_BODY = YES;
				CLANG_WARN_ENUM_CONVERSION = YES;
				CLANG_WARN_INFINITE_RECURSION = YES;
				CLANG_WARN_INT_CONVERSION = YES;
				CLANG_WARN_NON_LITERAL_NULL_CONVERSION = YES;
				CLANG_WARN_OBJC_IMPLICIT_RETAIN_SELF = YES;
				CLANG_WARN_OBJC_LITERAL_CONVERSION = YES;
				CLANG_WARN_OBJC_ROOT_CLASS = YES_ERROR;
				CLANG_WARN_QUOTED_INCLUDE_IN_FRAMEWORK_HEADER = YES;
				CLANG_WARN_RANGE_LOOP_ANALYSIS = YES;
				CLANG_WARN_STRICT_PROTOTYPES = YES;
				CLANG_WARN_SUSPICIOUS_MOVE = YES;
				CLANG_WARN_UNGUARDED_AVAILABILITY = YES_AGGRESSIVE;
				CLANG_WARN_UNREACHABLE_CODE = YES;
				CLANG_WARN__DUPLICATE_METHOD_MATCH = YES;
				COPY_PHASE_STRIP = NO;
				DEBUG_INFORMATION_FORMAT = "dwarf-with-dsym";
				ENABLE_NS_ASSERTIONS = NO;
				ENABLE_STRICT_OBJC_MSGSEND = YES;
				GCC_C_LANGUAGE_STANDARD = gnu11;
				GCC_NO_COMMON_BLOCKS = YES;
				GCC_WARN_64_TO_32_BIT_CONVERSION = YES;
				GCC_WARN_ABOUT_RETURN_TYPE = YES_ERROR;
				GCC_WARN_UNDECLARED_SELECTOR = YES;
				GCC_WARN_UNINITIALIZED_AUTOS = YES_AGGRESSIVE;
				GCC_WARN_UNUSED_FUNCTION = YES;
				GCC_WARN_UNUSED_VARIABLE = YES;
				IPHONEOS_DEPLOYMENT_TARGET = 15.0;
				MTL_ENABLE_DEBUG_INFO = NO;
				MTL_FAST_MATH = YES;
				SDKROOT = iphoneos;
				SWIFT_COMPILATION_MODE = wholemodule;
				SWIFT_OPTIMIZATION_LEVEL = "-O";
				VALIDATE_PRODUCT = YES;
			};
			name = Release;
		};
		53E9125E27527BD000710D4C /* Debug */ = {
			isa = XCBuildConfiguration;
			buildSettings = {
				ASSETCATALOG_COMPILER_APPICON_NAME = AppIcon;
				ASSETCATALOG_COMPILER_GLOBAL_ACCENT_COLOR_NAME = AccentColor;
				CODE_SIGN_STYLE = Automatic;
				CURRENT_PROJECT_VERSION = 1;
				DEVELOPMENT_ASSET_PATHS = "\"MedTracker/Preview Content\"";
				DEVELOPMENT_TEAM = MKZS4JTX63;
				ENABLE_PREVIEWS = YES;
				GENERATE_INFOPLIST_FILE = YES;
				INFOPLIST_KEY_UIApplicationSceneManifest_Generation = YES;
				INFOPLIST_KEY_UIApplicationSupportsIndirectInputEvents = YES;
				INFOPLIST_KEY_UILaunchScreen_Generation = YES;
				INFOPLIST_KEY_UISupportedInterfaceOrientations_iPad = "UIInterfaceOrientationPortrait UIInterfaceOrientationPortraitUpsideDown UIInterfaceOrientationLandscapeLeft UIInterfaceOrientationLandscapeRight";
				INFOPLIST_KEY_UISupportedInterfaceOrientations_iPhone = "UIInterfaceOrientationPortrait UIInterfaceOrientationLandscapeLeft UIInterfaceOrientationLandscapeRight";
				IPHONEOS_DEPLOYMENT_TARGET = 15.0;
				LD_RUNPATH_SEARCH_PATHS = (
					"$(inherited)",
					"@executable_path/Frameworks",
				);
				MARKETING_VERSION = 1.0;
				PRODUCT_BUNDLE_IDENTIFIER = com.joshfreed.MedTracker;
				PRODUCT_NAME = "$(TARGET_NAME)";
				SWIFT_EMIT_LOC_STRINGS = YES;
				SWIFT_VERSION = 5.0;
				TARGETED_DEVICE_FAMILY = "1,2";
			};
			name = Debug;
		};
		53E9125F27527BD000710D4C /* Release */ = {
			isa = XCBuildConfiguration;
			buildSettings = {
				ASSETCATALOG_COMPILER_APPICON_NAME = AppIcon;
				ASSETCATALOG_COMPILER_GLOBAL_ACCENT_COLOR_NAME = AccentColor;
				CODE_SIGN_STYLE = Automatic;
				CURRENT_PROJECT_VERSION = 1;
				DEVELOPMENT_ASSET_PATHS = "\"MedTracker/Preview Content\"";
				DEVELOPMENT_TEAM = MKZS4JTX63;
				ENABLE_PREVIEWS = YES;
				GENERATE_INFOPLIST_FILE = YES;
				INFOPLIST_KEY_UIApplicationSceneManifest_Generation = YES;
				INFOPLIST_KEY_UIApplicationSupportsIndirectInputEvents = YES;
				INFOPLIST_KEY_UILaunchScreen_Generation = YES;
				INFOPLIST_KEY_UISupportedInterfaceOrientations_iPad = "UIInterfaceOrientationPortrait UIInterfaceOrientationPortraitUpsideDown UIInterfaceOrientationLandscapeLeft UIInterfaceOrientationLandscapeRight";
				INFOPLIST_KEY_UISupportedInterfaceOrientations_iPhone = "UIInterfaceOrientationPortrait UIInterfaceOrientationLandscapeLeft UIInterfaceOrientationLandscapeRight";
				IPHONEOS_DEPLOYMENT_TARGET = 15.0;
				LD_RUNPATH_SEARCH_PATHS = (
					"$(inherited)",
					"@executable_path/Frameworks",
				);
				MARKETING_VERSION = 1.0;
				PRODUCT_BUNDLE_IDENTIFIER = com.joshfreed.MedTracker;
				PRODUCT_NAME = "$(TARGET_NAME)";
				SWIFT_EMIT_LOC_STRINGS = YES;
				SWIFT_VERSION = 5.0;
				TARGETED_DEVICE_FAMILY = "1,2";
			};
			name = Release;
		};
		53E9126127527BD000710D4C /* Debug */ = {
			isa = XCBuildConfiguration;
			buildSettings = {
				ALWAYS_EMBED_SWIFT_STANDARD_LIBRARIES = YES;
				BUNDLE_LOADER = "$(TEST_HOST)";
				CODE_SIGN_STYLE = Automatic;
				CURRENT_PROJECT_VERSION = 1;
				DEVELOPMENT_TEAM = MKZS4JTX63;
				GENERATE_INFOPLIST_FILE = YES;
				IPHONEOS_DEPLOYMENT_TARGET = 15.0;
				LD_RUNPATH_SEARCH_PATHS = (
					"$(inherited)",
					"@executable_path/Frameworks",
					"@loader_path/Frameworks",
				);
				MARKETING_VERSION = 1.0;
				PRODUCT_BUNDLE_IDENTIFIER = com.joshfreed.MedTrackerTests;
				PRODUCT_NAME = "$(TARGET_NAME)";
				SWIFT_EMIT_LOC_STRINGS = NO;
				SWIFT_VERSION = 5.0;
				TARGETED_DEVICE_FAMILY = "1,2";
				TEST_HOST = "$(BUILT_PRODUCTS_DIR)/MedTracker.app/MedTracker";
			};
			name = Debug;
		};
		53E9126227527BD000710D4C /* Release */ = {
			isa = XCBuildConfiguration;
			buildSettings = {
				ALWAYS_EMBED_SWIFT_STANDARD_LIBRARIES = YES;
				BUNDLE_LOADER = "$(TEST_HOST)";
				CODE_SIGN_STYLE = Automatic;
				CURRENT_PROJECT_VERSION = 1;
				DEVELOPMENT_TEAM = MKZS4JTX63;
				GENERATE_INFOPLIST_FILE = YES;
				IPHONEOS_DEPLOYMENT_TARGET = 15.0;
				LD_RUNPATH_SEARCH_PATHS = (
					"$(inherited)",
					"@executable_path/Frameworks",
					"@loader_path/Frameworks",
				);
				MARKETING_VERSION = 1.0;
				PRODUCT_BUNDLE_IDENTIFIER = com.joshfreed.MedTrackerTests;
				PRODUCT_NAME = "$(TARGET_NAME)";
				SWIFT_EMIT_LOC_STRINGS = NO;
				SWIFT_VERSION = 5.0;
				TARGETED_DEVICE_FAMILY = "1,2";
				TEST_HOST = "$(BUILT_PRODUCTS_DIR)/MedTracker.app/MedTracker";
			};
			name = Release;
		};
		53E9126427527BD000710D4C /* Debug */ = {
			isa = XCBuildConfiguration;
			buildSettings = {
				ALWAYS_EMBED_SWIFT_STANDARD_LIBRARIES = YES;
				CODE_SIGN_STYLE = Automatic;
				CURRENT_PROJECT_VERSION = 1;
				DEVELOPMENT_TEAM = MKZS4JTX63;
				GENERATE_INFOPLIST_FILE = YES;
				LD_RUNPATH_SEARCH_PATHS = (
					"$(inherited)",
					"@executable_path/Frameworks",
					"@loader_path/Frameworks",
				);
				MARKETING_VERSION = 1.0;
				PRODUCT_BUNDLE_IDENTIFIER = com.joshfreed.MedTrackerUITests;
				PRODUCT_NAME = "$(TARGET_NAME)";
				SWIFT_EMIT_LOC_STRINGS = NO;
				SWIFT_VERSION = 5.0;
				TARGETED_DEVICE_FAMILY = "1,2";
				TEST_TARGET_NAME = MedTracker;
			};
			name = Debug;
		};
		53E9126527527BD000710D4C /* Release */ = {
			isa = XCBuildConfiguration;
			buildSettings = {
				ALWAYS_EMBED_SWIFT_STANDARD_LIBRARIES = YES;
				CODE_SIGN_STYLE = Automatic;
				CURRENT_PROJECT_VERSION = 1;
				DEVELOPMENT_TEAM = MKZS4JTX63;
				GENERATE_INFOPLIST_FILE = YES;
				LD_RUNPATH_SEARCH_PATHS = (
					"$(inherited)",
					"@executable_path/Frameworks",
					"@loader_path/Frameworks",
				);
				MARKETING_VERSION = 1.0;
				PRODUCT_BUNDLE_IDENTIFIER = com.joshfreed.MedTrackerUITests;
				PRODUCT_NAME = "$(TARGET_NAME)";
				SWIFT_EMIT_LOC_STRINGS = NO;
				SWIFT_VERSION = 5.0;
				TARGETED_DEVICE_FAMILY = "1,2";
				TEST_TARGET_NAME = MedTracker;
			};
			name = Release;
		};
/* End XCBuildConfiguration section */

/* Begin XCConfigurationList section */
		53E9123427527BCE00710D4C /* Build configuration list for PBXProject "MedTracker" */ = {
			isa = XCConfigurationList;
			buildConfigurations = (
				53E9125B27527BD000710D4C /* Debug */,
				53E9125C27527BD000710D4C /* Release */,
			);
			defaultConfigurationIsVisible = 0;
			defaultConfigurationName = Release;
		};
		53E9125D27527BD000710D4C /* Build configuration list for PBXNativeTarget "MedTracker" */ = {
			isa = XCConfigurationList;
			buildConfigurations = (
				53E9125E27527BD000710D4C /* Debug */,
				53E9125F27527BD000710D4C /* Release */,
			);
			defaultConfigurationIsVisible = 0;
			defaultConfigurationName = Release;
		};
		53E9126027527BD000710D4C /* Build configuration list for PBXNativeTarget "MedTrackerTests" */ = {
			isa = XCConfigurationList;
			buildConfigurations = (
				53E9126127527BD000710D4C /* Debug */,
				53E9126227527BD000710D4C /* Release */,
			);
			defaultConfigurationIsVisible = 0;
			defaultConfigurationName = Release;
		};
		53E9126327527BD000710D4C /* Build configuration list for PBXNativeTarget "MedTrackerUITests" */ = {
			isa = XCConfigurationList;
			buildConfigurations = (
				53E9126427527BD000710D4C /* Debug */,
				53E9126527527BD000710D4C /* Release */,
			);
			defaultConfigurationIsVisible = 0;
			defaultConfigurationName = Release;
		};
/* End XCConfigurationList section */

/* Begin XCRemoteSwiftPackageReference section */
		53D3A8042756DBC50090B266 /* XCRemoteSwiftPackageReference "JFLib" */ = {
			isa = XCRemoteSwiftPackageReference;
			repositoryURL = "https://github.com/joshfreed/JFLib";
			requirement = {
				branch = main;
				kind = branch;
			};
		};
/* End XCRemoteSwiftPackageReference section */

/* Begin XCSwiftPackageProductDependency section */
		5329EE932757E4CA00AB058F /* JFLib.Mediator */ = {
			isa = XCSwiftPackageProductDependency;
			package = 53D3A8042756DBC50090B266 /* XCRemoteSwiftPackageReference "JFLib" */;
			productName = JFLib.Mediator;
		};
		53D3A7FC2756CEF80090B266 /* MedTrackerBiz */ = {
			isa = XCSwiftPackageProductDependency;
			productName = MedTrackerBiz;
		};
		53D3A8052756DBC50090B266 /* JFLib.Services */ = {
			isa = XCSwiftPackageProductDependency;
			package = 53D3A8042756DBC50090B266 /* XCRemoteSwiftPackageReference "JFLib" */;
			productName = JFLib.Services;
		};
/* End XCSwiftPackageProductDependency section */
	};
	rootObject = 53E9123127527BCE00710D4C /* Project object */;
}
